
Microsoft Visual Studio Solution File, Format Version 12.00
# Visual Studio 15
VisualStudioVersion = 15.0.26730.15
MinimumVisualStudioVersion = 10.0.40219.1
Project("{2150E333-8FDC-42A3-9474-1A3956D46DE8}") = "Business", "Business", "{7E0BC244-DCD2-4D42-946C-603F1F30F0C1}"
EndProject
Project("{2150E333-8FDC-42A3-9474-1A3956D46DE8}") = "Infrastructure", "Infrastructure", "{CC2ED8D6-E16B-4938-840D-8481A303787A}"
EndProject
Project("{2150E333-8FDC-42A3-9474-1A3956D46DE8}") = "App", "App", "{B18961A7-8010-4A35-AED3-9DDBA46567AF}"
EndProject
Project("{9A19103F-16F7-4668-BE54-9A1E7A4F7556}") = "Ct.SubFinder.Infrastructure", "Ct.SubFinder.Infrastructure\Ct.SubFinder.Infrastructure.csproj", "{35E58ADD-1931-4E2F-B114-E4D693A6F57B}"
EndProject
Project("{9A19103F-16F7-4668-BE54-9A1E7A4F7556}") = "Ct.SubFinder.Domain", "Ct.SubFinder.Domain\Ct.SubFinder.Domain.csproj", "{7D5CE3AE-F93B-45FD-B9E4-978F1AF083D6}"
EndProject
Project("{FAE04EC0-301F-11D3-BF4B-00C04F79EFBC}") = "Ct.SubFinder.Mobile.App.Android", "Ct.SubFinder.Mobile.App\Ct.SubFinder.Mobile.App.Android\Ct.SubFinder.Mobile.App.Android.csproj", "{7CDAAE02-D703-4A41-B197-4705CB5BDC25}"
EndProject
Project("{FAE04EC0-301F-11D3-BF4B-00C04F79EFBC}") = "Ct.SubFinder.Mobile.App", "Ct.SubFinder.Mobile.App\Ct.SubFinder.Mobile.App\Ct.SubFinder.Mobile.App.csproj", "{D250307C-4D57-4E54-9B92-549AD393C1D7}"
EndProject
Project("{FAE04EC0-301F-11D3-BF4B-00C04F79EFBC}") = "Ct.SubFinder.Mobile.App.UWP", "Ct.SubFinder.Mobile.App\Ct.SubFinder.Mobile.App.UWP\Ct.SubFinder.Mobile.App.UWP.csproj", "{A285FCC6-70B7-49FE-8A1E-155E35F94402}"
EndProject
Project("{FAE04EC0-301F-11D3-BF4B-00C04F79EFBC}") = "Ct.SubFinder.Mobile.App.iOS", "Ct.SubFinder.Mobile.App\Ct.SubFinder.Mobile.App.iOS\Ct.SubFinder.Mobile.App.iOS.csproj", "{648E32B4-5768-48D1-ACF4-07DB6B72848A}"
EndProject
Global
	GlobalSection(SolutionConfigurationPlatforms) = preSolution
		Ad-Hoc|Any CPU = Ad-Hoc|Any CPU
		Ad-Hoc|ARM = Ad-Hoc|ARM
		Ad-Hoc|iPhone = Ad-Hoc|iPhone
		Ad-Hoc|iPhoneSimulator = Ad-Hoc|iPhoneSimulator
		Ad-Hoc|x64 = Ad-Hoc|x64
		Ad-Hoc|x86 = Ad-Hoc|x86
		AppStore|Any CPU = AppStore|Any CPU
		AppStore|ARM = AppStore|ARM
		AppStore|iPhone = AppStore|iPhone
		AppStore|iPhoneSimulator = AppStore|iPhoneSimulator
		AppStore|x64 = AppStore|x64
		AppStore|x86 = AppStore|x86
		Debug|Any CPU = Debug|Any CPU
		Debug|ARM = Debug|ARM
		Debug|iPhone = Debug|iPhone
		Debug|iPhoneSimulator = Debug|iPhoneSimulator
		Debug|x64 = Debug|x64
		Debug|x86 = Debug|x86
		Release|Any CPU = Release|Any CPU
		Release|ARM = Release|ARM
		Release|iPhone = Release|iPhone
		Release|iPhoneSimulator = Release|iPhoneSimulator
		Release|x64 = Release|x64
		Release|x86 = Release|x86
	EndGlobalSection
	GlobalSection(ProjectConfigurationPlatforms) = postSolution
		{35E58ADD-1931-4E2F-B114-E4D693A6F57B}.Ad-Hoc|Any CPU.ActiveCfg = Debug|Any CPU
		{35E58ADD-1931-4E2F-B114-E4D693A6F57B}.Ad-Hoc|Any CPU.Build.0 = Debug|Any CPU
		{35E58ADD-1931-4E2F-B114-E4D693A6F57B}.Ad-Hoc|ARM.ActiveCfg = Debug|Any CPU
		{35E58ADD-1931-4E2F-B114-E4D693A6F57B}.Ad-Hoc|ARM.Build.0 = Debug|Any CPU
		{35E58ADD-1931-4E2F-B114-E4D693A6F57B}.Ad-Hoc|iPhone.ActiveCfg = Debug|Any CPU
		{35E58ADD-1931-4E2F-B114-E4D693A6F57B}.Ad-Hoc|iPhone.Build.0 = Debug|Any CPU
		{35E58ADD-1931-4E2F-B114-E4D693A6F57B}.Ad-Hoc|iPhoneSimulator.ActiveCfg = Debug|Any CPU
		{35E58ADD-1931-4E2F-B114-E4D693A6F57B}.Ad-Hoc|iPhoneSimulator.Build.0 = Debug|Any CPU
		{35E58ADD-1931-4E2F-B114-E4D693A6F57B}.Ad-Hoc|x64.ActiveCfg = Debug|Any CPU
		{35E58ADD-1931-4E2F-B114-E4D693A6F57B}.Ad-Hoc|x64.Build.0 = Debug|Any CPU
		{35E58ADD-1931-4E2F-B114-E4D693A6F57B}.Ad-Hoc|x86.ActiveCfg = Debug|Any CPU
		{35E58ADD-1931-4E2F-B114-E4D693A6F57B}.Ad-Hoc|x86.Build.0 = Debug|Any CPU
		{35E58ADD-1931-4E2F-B114-E4D693A6F57B}.AppStore|Any CPU.ActiveCfg = Debug|Any CPU
		{35E58ADD-1931-4E2F-B114-E4D693A6F57B}.AppStore|Any CPU.Build.0 = Debug|Any CPU
		{35E58ADD-1931-4E2F-B114-E4D693A6F57B}.AppStore|ARM.ActiveCfg = Debug|Any CPU
		{35E58ADD-1931-4E2F-B114-E4D693A6F57B}.AppStore|ARM.Build.0 = Debug|Any CPU
		{35E58ADD-1931-4E2F-B114-E4D693A6F57B}.AppStore|iPhone.ActiveCfg = Debug|Any CPU
		{35E58ADD-1931-4E2F-B114-E4D693A6F57B}.AppStore|iPhone.Build.0 = Debug|Any CPU
		{35E58ADD-1931-4E2F-B114-E4D693A6F57B}.AppStore|iPhoneSimulator.ActiveCfg = Debug|Any CPU
		{35E58ADD-1931-4E2F-B114-E4D693A6F57B}.AppStore|iPhoneSimulator.Build.0 = Debug|Any CPU
		{35E58ADD-1931-4E2F-B114-E4D693A6F57B}.AppStore|x64.ActiveCfg = Debug|Any CPU
		{35E58ADD-1931-4E2F-B114-E4D693A6F57B}.AppStore|x64.Build.0 = Debug|Any CPU
		{35E58ADD-1931-4E2F-B114-E4D693A6F57B}.AppStore|x86.ActiveCfg = Debug|Any CPU
		{35E58ADD-1931-4E2F-B114-E4D693A6F57B}.AppStore|x86.Build.0 = Debug|Any CPU
		{35E58ADD-1931-4E2F-B114-E4D693A6F57B}.Debug|Any CPU.ActiveCfg = Debug|Any CPU
		{35E58ADD-1931-4E2F-B114-E4D693A6F57B}.Debug|Any CPU.Build.0 = Debug|Any CPU
		{35E58ADD-1931-4E2F-B114-E4D693A6F57B}.Debug|ARM.ActiveCfg = Debug|Any CPU
		{35E58ADD-1931-4E2F-B114-E4D693A6F57B}.Debug|ARM.Build.0 = Debug|Any CPU
		{35E58ADD-1931-4E2F-B114-E4D693A6F57B}.Debug|iPhone.ActiveCfg = Debug|Any CPU
		{35E58ADD-1931-4E2F-B114-E4D693A6F57B}.Debug|iPhone.Build.0 = Debug|Any CPU
		{35E58ADD-1931-4E2F-B114-E4D693A6F57B}.Debug|iPhoneSimulator.ActiveCfg = Debug|Any CPU
		{35E58ADD-1931-4E2F-B114-E4D693A6F57B}.Debug|iPhoneSimulator.Build.0 = Debug|Any CPU
		{35E58ADD-1931-4E2F-B114-E4D693A6F57B}.Debug|x64.ActiveCfg = Debug|Any CPU
		{35E58ADD-1931-4E2F-B114-E4D693A6F57B}.Debug|x64.Build.0 = Debug|Any CPU
		{35E58ADD-1931-4E2F-B114-E4D693A6F57B}.Debug|x86.ActiveCfg = Debug|Any CPU
		{35E58ADD-1931-4E2F-B114-E4D693A6F57B}.Debug|x86.Build.0 = Debug|Any CPU
		{35E58ADD-1931-4E2F-B114-E4D693A6F57B}.Release|Any CPU.ActiveCfg = Release|Any CPU
		{35E58ADD-1931-4E2F-B114-E4D693A6F57B}.Release|Any CPU.Build.0 = Release|Any CPU
		{35E58ADD-1931-4E2F-B114-E4D693A6F57B}.Release|ARM.ActiveCfg = Release|Any CPU
		{35E58ADD-1931-4E2F-B114-E4D693A6F57B}.Release|ARM.Build.0 = Release|Any CPU
		{35E58ADD-1931-4E2F-B114-E4D693A6F57B}.Release|iPhone.ActiveCfg = Release|Any CPU
		{35E58ADD-1931-4E2F-B114-E4D693A6F57B}.Release|iPhone.Build.0 = Release|Any CPU
		{35E58ADD-1931-4E2F-B114-E4D693A6F57B}.Release|iPhoneSimulator.ActiveCfg = Release|Any CPU
		{35E58ADD-1931-4E2F-B114-E4D693A6F57B}.Release|iPhoneSimulator.Build.0 = Release|Any CPU
		{35E58ADD-1931-4E2F-B114-E4D693A6F57B}.Release|x64.ActiveCfg = Release|Any CPU
		{35E58ADD-1931-4E2F-B114-E4D693A6F57B}.Release|x64.Build.0 = Release|Any CPU
		{35E58ADD-1931-4E2F-B114-E4D693A6F57B}.Release|x86.ActiveCfg = Release|Any CPU
		{35E58ADD-1931-4E2F-B114-E4D693A6F57B}.Release|x86.Build.0 = Release|Any CPU
		{7D5CE3AE-F93B-45FD-B9E4-978F1AF083D6}.Ad-Hoc|Any CPU.ActiveCfg = Debug|Any CPU
		{7D5CE3AE-F93B-45FD-B9E4-978F1AF083D6}.Ad-Hoc|Any CPU.Build.0 = Debug|Any CPU
		{7D5CE3AE-F93B-45FD-B9E4-978F1AF083D6}.Ad-Hoc|ARM.ActiveCfg = Debug|Any CPU
		{7D5CE3AE-F93B-45FD-B9E4-978F1AF083D6}.Ad-Hoc|ARM.Build.0 = Debug|Any CPU
		{7D5CE3AE-F93B-45FD-B9E4-978F1AF083D6}.Ad-Hoc|iPhone.ActiveCfg = Debug|Any CPU
		{7D5CE3AE-F93B-45FD-B9E4-978F1AF083D6}.Ad-Hoc|iPhone.Build.0 = Debug|Any CPU
		{7D5CE3AE-F93B-45FD-B9E4-978F1AF083D6}.Ad-Hoc|iPhoneSimulator.ActiveCfg = Debug|Any CPU
		{7D5CE3AE-F93B-45FD-B9E4-978F1AF083D6}.Ad-Hoc|iPhoneSimulator.Build.0 = Debug|Any CPU
		{7D5CE3AE-F93B-45FD-B9E4-978F1AF083D6}.Ad-Hoc|x64.ActiveCfg = Debug|Any CPU
		{7D5CE3AE-F93B-45FD-B9E4-978F1AF083D6}.Ad-Hoc|x64.Build.0 = Debug|Any CPU
		{7D5CE3AE-F93B-45FD-B9E4-978F1AF083D6}.Ad-Hoc|x86.ActiveCfg = Debug|Any CPU
		{7D5CE3AE-F93B-45FD-B9E4-978F1AF083D6}.Ad-Hoc|x86.Build.0 = Debug|Any CPU
		{7D5CE3AE-F93B-45FD-B9E4-978F1AF083D6}.AppStore|Any CPU.ActiveCfg = Debug|Any CPU
		{7D5CE3AE-F93B-45FD-B9E4-978F1AF083D6}.AppStore|Any CPU.Build.0 = Debug|Any CPU
		{7D5CE3AE-F93B-45FD-B9E4-978F1AF083D6}.AppStore|ARM.ActiveCfg = Debug|Any CPU
		{7D5CE3AE-F93B-45FD-B9E4-978F1AF083D6}.AppStore|ARM.Build.0 = Debug|Any CPU
		{7D5CE3AE-F93B-45FD-B9E4-978F1AF083D6}.AppStore|iPhone.ActiveCfg = Debug|Any CPU
		{7D5CE3AE-F93B-45FD-B9E4-978F1AF083D6}.AppStore|iPhone.Build.0 = Debug|Any CPU
		{7D5CE3AE-F93B-45FD-B9E4-978F1AF083D6}.AppStore|iPhoneSimulator.ActiveCfg = Debug|Any CPU
		{7D5CE3AE-F93B-45FD-B9E4-978F1AF083D6}.AppStore|iPhoneSimulator.Build.0 = Debug|Any CPU
		{7D5CE3AE-F93B-45FD-B9E4-978F1AF083D6}.AppStore|x64.ActiveCfg = Debug|Any CPU
		{7D5CE3AE-F93B-45FD-B9E4-978F1AF083D6}.AppStore|x64.Build.0 = Debug|Any CPU
		{7D5CE3AE-F93B-45FD-B9E4-978F1AF083D6}.AppStore|x86.ActiveCfg = Debug|Any CPU
		{7D5CE3AE-F93B-45FD-B9E4-978F1AF083D6}.AppStore|x86.Build.0 = Debug|Any CPU
		{7D5CE3AE-F93B-45FD-B9E4-978F1AF083D6}.Debug|Any CPU.ActiveCfg = Debug|Any CPU
		{7D5CE3AE-F93B-45FD-B9E4-978F1AF083D6}.Debug|Any CPU.Build.0 = Debug|Any CPU
		{7D5CE3AE-F93B-45FD-B9E4-978F1AF083D6}.Debug|ARM.ActiveCfg = Debug|Any CPU
		{7D5CE3AE-F93B-45FD-B9E4-978F1AF083D6}.Debug|ARM.Build.0 = Debug|Any CPU
		{7D5CE3AE-F93B-45FD-B9E4-978F1AF083D6}.Debug|iPhone.ActiveCfg = Debug|Any CPU
		{7D5CE3AE-F93B-45FD-B9E4-978F1AF083D6}.Debug|iPhone.Build.0 = Debug|Any CPU
		{7D5CE3AE-F93B-45FD-B9E4-978F1AF083D6}.Debug|iPhoneSimulator.ActiveCfg = Debug|Any CPU
		{7D5CE3AE-F93B-45FD-B9E4-978F1AF083D6}.Debug|iPhoneSimulator.Build.0 = Debug|Any CPU
		{7D5CE3AE-F93B-45FD-B9E4-978F1AF083D6}.Debug|x64.ActiveCfg = Debug|Any CPU
		{7D5CE3AE-F93B-45FD-B9E4-978F1AF083D6}.Debug|x64.Build.0 = Debug|Any CPU
		{7D5CE3AE-F93B-45FD-B9E4-978F1AF083D6}.Debug|x86.ActiveCfg = Debug|Any CPU
		{7D5CE3AE-F93B-45FD-B9E4-978F1AF083D6}.Debug|x86.Build.0 = Debug|Any CPU
		{7D5CE3AE-F93B-45FD-B9E4-978F1AF083D6}.Release|Any CPU.ActiveCfg = Release|Any CPU
		{7D5CE3AE-F93B-45FD-B9E4-978F1AF083D6}.Release|Any CPU.Build.0 = Release|Any CPU
		{7D5CE3AE-F93B-45FD-B9E4-978F1AF083D6}.Release|ARM.ActiveCfg = Release|Any CPU
		{7D5CE3AE-F93B-45FD-B9E4-978F1AF083D6}.Release|ARM.Build.0 = Release|Any CPU
		{7D5CE3AE-F93B-45FD-B9E4-978F1AF083D6}.Release|iPhone.ActiveCfg = Release|Any CPU
		{7D5CE3AE-F93B-45FD-B9E4-978F1AF083D6}.Release|iPhone.Build.0 = Release|Any CPU
		{7D5CE3AE-F93B-45FD-B9E4-978F1AF083D6}.Release|iPhoneSimulator.ActiveCfg = Release|Any CPU
		{7D5CE3AE-F93B-45FD-B9E4-978F1AF083D6}.Release|iPhoneSimulator.Build.0 = Release|Any CPU
		{7D5CE3AE-F93B-45FD-B9E4-978F1AF083D6}.Release|x64.ActiveCfg = Release|Any CPU
		{7D5CE3AE-F93B-45FD-B9E4-978F1AF083D6}.Release|x64.Build.0 = Release|Any CPU
		{7D5CE3AE-F93B-45FD-B9E4-978F1AF083D6}.Release|x86.ActiveCfg = Release|Any CPU
		{7D5CE3AE-F93B-45FD-B9E4-978F1AF083D6}.Release|x86.Build.0 = Release|Any CPU
		{7CDAAE02-D703-4A41-B197-4705CB5BDC25}.Ad-Hoc|Any CPU.ActiveCfg = Release|Any CPU
		{7CDAAE02-D703-4A41-B197-4705CB5BDC25}.Ad-Hoc|Any CPU.Build.0 = Release|Any CPU
		{7CDAAE02-D703-4A41-B197-4705CB5BDC25}.Ad-Hoc|Any CPU.Deploy.0 = Release|Any CPU
		{7CDAAE02-D703-4A41-B197-4705CB5BDC25}.Ad-Hoc|ARM.ActiveCfg = Release|Any CPU
		{7CDAAE02-D703-4A41-B197-4705CB5BDC25}.Ad-Hoc|ARM.Build.0 = Release|Any CPU
		{7CDAAE02-D703-4A41-B197-4705CB5BDC25}.Ad-Hoc|ARM.Deploy.0 = Release|Any CPU
		{7CDAAE02-D703-4A41-B197-4705CB5BDC25}.Ad-Hoc|iPhone.ActiveCfg = Release|Any CPU
		{7CDAAE02-D703-4A41-B197-4705CB5BDC25}.Ad-Hoc|iPhone.Build.0 = Release|Any CPU
		{7CDAAE02-D703-4A41-B197-4705CB5BDC25}.Ad-Hoc|iPhone.Deploy.0 = Release|Any CPU
		{7CDAAE02-D703-4A41-B197-4705CB5BDC25}.Ad-Hoc|iPhoneSimulator.ActiveCfg = Release|Any CPU
		{7CDAAE02-D703-4A41-B197-4705CB5BDC25}.Ad-Hoc|iPhoneSimulator.Build.0 = Release|Any CPU
		{7CDAAE02-D703-4A41-B197-4705CB5BDC25}.Ad-Hoc|iPhoneSimulator.Deploy.0 = Release|Any CPU
		{7CDAAE02-D703-4A41-B197-4705CB5BDC25}.Ad-Hoc|x64.ActiveCfg = Release|Any CPU
		{7CDAAE02-D703-4A41-B197-4705CB5BDC25}.Ad-Hoc|x64.Build.0 = Release|Any CPU
		{7CDAAE02-D703-4A41-B197-4705CB5BDC25}.Ad-Hoc|x64.Deploy.0 = Release|Any CPU
		{7CDAAE02-D703-4A41-B197-4705CB5BDC25}.Ad-Hoc|x86.ActiveCfg = Release|Any CPU
		{7CDAAE02-D703-4A41-B197-4705CB5BDC25}.Ad-Hoc|x86.Build.0 = Release|Any CPU
		{7CDAAE02-D703-4A41-B197-4705CB5BDC25}.Ad-Hoc|x86.Deploy.0 = Release|Any CPU
		{7CDAAE02-D703-4A41-B197-4705CB5BDC25}.AppStore|Any CPU.ActiveCfg = Release|Any CPU
		{7CDAAE02-D703-4A41-B197-4705CB5BDC25}.AppStore|Any CPU.Build.0 = Release|Any CPU
		{7CDAAE02-D703-4A41-B197-4705CB5BDC25}.AppStore|Any CPU.Deploy.0 = Release|Any CPU
		{7CDAAE02-D703-4A41-B197-4705CB5BDC25}.AppStore|ARM.ActiveCfg = Release|Any CPU
		{7CDAAE02-D703-4A41-B197-4705CB5BDC25}.AppStore|ARM.Build.0 = Release|Any CPU
		{7CDAAE02-D703-4A41-B197-4705CB5BDC25}.AppStore|ARM.Deploy.0 = Release|Any CPU
		{7CDAAE02-D703-4A41-B197-4705CB5BDC25}.AppStore|iPhone.ActiveCfg = Release|Any CPU
		{7CDAAE02-D703-4A41-B197-4705CB5BDC25}.AppStore|iPhone.Build.0 = Release|Any CPU
		{7CDAAE02-D703-4A41-B197-4705CB5BDC25}.AppStore|iPhone.Deploy.0 = Release|Any CPU
		{7CDAAE02-D703-4A41-B197-4705CB5BDC25}.AppStore|iPhoneSimulator.ActiveCfg = Release|Any CPU
		{7CDAAE02-D703-4A41-B197-4705CB5BDC25}.AppStore|iPhoneSimulator.Build.0 = Release|Any CPU
		{7CDAAE02-D703-4A41-B197-4705CB5BDC25}.AppStore|iPhoneSimulator.Deploy.0 = Release|Any CPU
		{7CDAAE02-D703-4A41-B197-4705CB5BDC25}.AppStore|x64.ActiveCfg = Release|Any CPU
		{7CDAAE02-D703-4A41-B197-4705CB5BDC25}.AppStore|x64.Build.0 = Release|Any CPU
		{7CDAAE02-D703-4A41-B197-4705CB5BDC25}.AppStore|x64.Deploy.0 = Release|Any CPU
		{7CDAAE02-D703-4A41-B197-4705CB5BDC25}.AppStore|x86.ActiveCfg = Release|Any CPU
		{7CDAAE02-D703-4A41-B197-4705CB5BDC25}.AppStore|x86.Build.0 = Release|Any CPU
		{7CDAAE02-D703-4A41-B197-4705CB5BDC25}.AppStore|x86.Deploy.0 = Release|Any CPU
		{7CDAAE02-D703-4A41-B197-4705CB5BDC25}.Debug|Any CPU.ActiveCfg = Debug|Any CPU
		{7CDAAE02-D703-4A41-B197-4705CB5BDC25}.Debug|Any CPU.Build.0 = Debug|Any CPU
		{7CDAAE02-D703-4A41-B197-4705CB5BDC25}.Debug|Any CPU.Deploy.0 = Debug|Any CPU
		{7CDAAE02-D703-4A41-B197-4705CB5BDC25}.Debug|ARM.ActiveCfg = Debug|Any CPU
		{7CDAAE02-D703-4A41-B197-4705CB5BDC25}.Debug|ARM.Build.0 = Debug|Any CPU
		{7CDAAE02-D703-4A41-B197-4705CB5BDC25}.Debug|ARM.Deploy.0 = Debug|Any CPU
		{7CDAAE02-D703-4A41-B197-4705CB5BDC25}.Debug|iPhone.ActiveCfg = Debug|Any CPU
		{7CDAAE02-D703-4A41-B197-4705CB5BDC25}.Debug|iPhone.Build.0 = Debug|Any CPU
		{7CDAAE02-D703-4A41-B197-4705CB5BDC25}.Debug|iPhone.Deploy.0 = Debug|Any CPU
		{7CDAAE02-D703-4A41-B197-4705CB5BDC25}.Debug|iPhoneSimulator.ActiveCfg = Debug|Any CPU
		{7CDAAE02-D703-4A41-B197-4705CB5BDC25}.Debug|iPhoneSimulator.Build.0 = Debug|Any CPU
		{7CDAAE02-D703-4A41-B197-4705CB5BDC25}.Debug|iPhoneSimulator.Deploy.0 = Debug|Any CPU
		{7CDAAE02-D703-4A41-B197-4705CB5BDC25}.Debug|x64.ActiveCfg = Debug|Any CPU
		{7CDAAE02-D703-4A41-B197-4705CB5BDC25}.Debug|x64.Build.0 = Debug|Any CPU
		{7CDAAE02-D703-4A41-B197-4705CB5BDC25}.Debug|x64.Deploy.0 = Debug|Any CPU
		{7CDAAE02-D703-4A41-B197-4705CB5BDC25}.Debug|x86.ActiveCfg = Debug|Any CPU
		{7CDAAE02-D703-4A41-B197-4705CB5BDC25}.Debug|x86.Build.0 = Debug|Any CPU
		{7CDAAE02-D703-4A41-B197-4705CB5BDC25}.Debug|x86.Deploy.0 = Debug|Any CPU
		{7CDAAE02-D703-4A41-B197-4705CB5BDC25}.Release|Any CPU.ActiveCfg = Release|Any CPU
		{7CDAAE02-D703-4A41-B197-4705CB5BDC25}.Release|Any CPU.Build.0 = Release|Any CPU
		{7CDAAE02-D703-4A41-B197-4705CB5BDC25}.Release|Any CPU.Deploy.0 = Release|Any CPU
		{7CDAAE02-D703-4A41-B197-4705CB5BDC25}.Release|ARM.ActiveCfg = Release|Any CPU
		{7CDAAE02-D703-4A41-B197-4705CB5BDC25}.Release|ARM.Build.0 = Release|Any CPU
		{7CDAAE02-D703-4A41-B197-4705CB5BDC25}.Release|ARM.Deploy.0 = Release|Any CPU
		{7CDAAE02-D703-4A41-B197-4705CB5BDC25}.Release|iPhone.ActiveCfg = Release|Any CPU
		{7CDAAE02-D703-4A41-B197-4705CB5BDC25}.Release|iPhone.Build.0 = Release|Any CPU
		{7CDAAE02-D703-4A41-B197-4705CB5BDC25}.Release|iPhone.Deploy.0 = Release|Any CPU
		{7CDAAE02-D703-4A41-B197-4705CB5BDC25}.Release|iPhoneSimulator.ActiveCfg = Release|Any CPU
		{7CDAAE02-D703-4A41-B197-4705CB5BDC25}.Release|iPhoneSimulator.Build.0 = Release|Any CPU
		{7CDAAE02-D703-4A41-B197-4705CB5BDC25}.Release|iPhoneSimulator.Deploy.0 = Release|Any CPU
		{7CDAAE02-D703-4A41-B197-4705CB5BDC25}.Release|x64.ActiveCfg = Release|Any CPU
		{7CDAAE02-D703-4A41-B197-4705CB5BDC25}.Release|x64.Build.0 = Release|Any CPU
		{7CDAAE02-D703-4A41-B197-4705CB5BDC25}.Release|x64.Deploy.0 = Release|Any CPU
		{7CDAAE02-D703-4A41-B197-4705CB5BDC25}.Release|x86.ActiveCfg = Release|Any CPU
		{7CDAAE02-D703-4A41-B197-4705CB5BDC25}.Release|x86.Build.0 = Release|Any CPU
		{7CDAAE02-D703-4A41-B197-4705CB5BDC25}.Release|x86.Deploy.0 = Release|Any CPU
		{D250307C-4D57-4E54-9B92-549AD393C1D7}.Ad-Hoc|Any CPU.ActiveCfg = Release|Any CPU
		{D250307C-4D57-4E54-9B92-549AD393C1D7}.Ad-Hoc|Any CPU.Build.0 = Release|Any CPU
		{D250307C-4D57-4E54-9B92-549AD393C1D7}.Ad-Hoc|ARM.ActiveCfg = Release|Any CPU
		{D250307C-4D57-4E54-9B92-549AD393C1D7}.Ad-Hoc|ARM.Build.0 = Release|Any CPU
		{D250307C-4D57-4E54-9B92-549AD393C1D7}.Ad-Hoc|iPhone.ActiveCfg = Release|Any CPU
		{D250307C-4D57-4E54-9B92-549AD393C1D7}.Ad-Hoc|iPhone.Build.0 = Release|Any CPU
		{D250307C-4D57-4E54-9B92-549AD393C1D7}.Ad-Hoc|iPhoneSimulator.ActiveCfg = Release|Any CPU
		{D250307C-4D57-4E54-9B92-549AD393C1D7}.Ad-Hoc|iPhoneSimulator.Build.0 = Release|Any CPU
		{D250307C-4D57-4E54-9B92-549AD393C1D7}.Ad-Hoc|x64.ActiveCfg = Release|Any CPU
		{D250307C-4D57-4E54-9B92-549AD393C1D7}.Ad-Hoc|x64.Build.0 = Release|Any CPU
		{D250307C-4D57-4E54-9B92-549AD393C1D7}.Ad-Hoc|x86.ActiveCfg = Release|Any CPU
		{D250307C-4D57-4E54-9B92-549AD393C1D7}.Ad-Hoc|x86.Build.0 = Release|Any CPU
		{D250307C-4D57-4E54-9B92-549AD393C1D7}.AppStore|Any CPU.ActiveCfg = Release|Any CPU
		{D250307C-4D57-4E54-9B92-549AD393C1D7}.AppStore|Any CPU.Build.0 = Release|Any CPU
		{D250307C-4D57-4E54-9B92-549AD393C1D7}.AppStore|ARM.ActiveCfg = Release|Any CPU
		{D250307C-4D57-4E54-9B92-549AD393C1D7}.AppStore|ARM.Build.0 = Release|Any CPU
		{D250307C-4D57-4E54-9B92-549AD393C1D7}.AppStore|iPhone.ActiveCfg = Release|Any CPU
		{D250307C-4D57-4E54-9B92-549AD393C1D7}.AppStore|iPhone.Build.0 = Release|Any CPU
		{D250307C-4D57-4E54-9B92-549AD393C1D7}.AppStore|iPhoneSimulator.ActiveCfg = Release|Any CPU
		{D250307C-4D57-4E54-9B92-549AD393C1D7}.AppStore|iPhoneSimulator.Build.0 = Release|Any CPU
		{D250307C-4D57-4E54-9B92-549AD393C1D7}.AppStore|x64.ActiveCfg = Release|Any CPU
		{D250307C-4D57-4E54-9B92-549AD393C1D7}.AppStore|x64.Build.0 = Release|Any CPU
		{D250307C-4D57-4E54-9B92-549AD393C1D7}.AppStore|x86.ActiveCfg = Release|Any CPU
		{D250307C-4D57-4E54-9B92-549AD393C1D7}.AppStore|x86.Build.0 = Release|Any CPU
		{D250307C-4D57-4E54-9B92-549AD393C1D7}.Debug|Any CPU.ActiveCfg = Debug|Any CPU
		{D250307C-4D57-4E54-9B92-549AD393C1D7}.Debug|Any CPU.Build.0 = Debug|Any CPU
		{D250307C-4D57-4E54-9B92-549AD393C1D7}.Debug|ARM.ActiveCfg = Debug|Any CPU
		{D250307C-4D57-4E54-9B92-549AD393C1D7}.Debug|ARM.Build.0 = Debug|Any CPU
		{D250307C-4D57-4E54-9B92-549AD393C1D7}.Debug|iPhone.ActiveCfg = Debug|Any CPU
		{D250307C-4D57-4E54-9B92-549AD393C1D7}.Debug|iPhone.Build.0 = Debug|Any CPU
		{D250307C-4D57-4E54-9B92-549AD393C1D7}.Debug|iPhoneSimulator.ActiveCfg = Debug|Any CPU
		{D250307C-4D57-4E54-9B92-549AD393C1D7}.Debug|iPhoneSimulator.Build.0 = Debug|Any CPU
		{D250307C-4D57-4E54-9B92-549AD393C1D7}.Debug|x64.ActiveCfg = Debug|Any CPU
		{D250307C-4D57-4E54-9B92-549AD393C1D7}.Debug|x64.Build.0 = Debug|Any CPU
		{D250307C-4D57-4E54-9B92-549AD393C1D7}.Debug|x86.ActiveCfg = Debug|Any CPU
		{D250307C-4D57-4E54-9B92-549AD393C1D7}.Debug|x86.Build.0 = Debug|Any CPU
		{D250307C-4D57-4E54-9B92-549AD393C1D7}.Release|Any CPU.ActiveCfg = Release|Any CPU
		{D250307C-4D57-4E54-9B92-549AD393C1D7}.Release|Any CPU.Build.0 = Release|Any CPU
		{D250307C-4D57-4E54-9B92-549AD393C1D7}.Release|ARM.ActiveCfg = Release|Any CPU
		{D250307C-4D57-4E54-9B92-549AD393C1D7}.Release|ARM.Build.0 = Release|Any CPU
		{D250307C-4D57-4E54-9B92-549AD393C1D7}.Release|iPhone.ActiveCfg = Release|Any CPU
		{D250307C-4D57-4E54-9B92-549AD393C1D7}.Release|iPhone.Build.0 = Release|Any CPU
		{D250307C-4D57-4E54-9B92-549AD393C1D7}.Release|iPhoneSimulator.ActiveCfg = Release|Any CPU
		{D250307C-4D57-4E54-9B92-549AD393C1D7}.Release|iPhoneSimulator.Build.0 = Release|Any CPU
		{D250307C-4D57-4E54-9B92-549AD393C1D7}.Release|x64.ActiveCfg = Release|Any CPU
		{D250307C-4D57-4E54-9B92-549AD393C1D7}.Release|x64.Build.0 = Release|Any CPU
		{D250307C-4D57-4E54-9B92-549AD393C1D7}.Release|x86.ActiveCfg = Release|Any CPU
		{D250307C-4D57-4E54-9B92-549AD393C1D7}.Release|x86.Build.0 = Release|Any CPU
		{A285FCC6-70B7-49FE-8A1E-155E35F94402}.Ad-Hoc|Any CPU.ActiveCfg = Release|x86
		{A285FCC6-70B7-49FE-8A1E-155E35F94402}.Ad-Hoc|Any CPU.Build.0 = Release|x86
		{A285FCC6-70B7-49FE-8A1E-155E35F94402}.Ad-Hoc|Any CPU.Deploy.0 = Release|x86
		{A285FCC6-70B7-49FE-8A1E-155E35F94402}.Ad-Hoc|ARM.ActiveCfg = Release|ARM
		{A285FCC6-70B7-49FE-8A1E-155E35F94402}.Ad-Hoc|ARM.Build.0 = Release|ARM
		{A285FCC6-70B7-49FE-8A1E-155E35F94402}.Ad-Hoc|ARM.Deploy.0 = Release|ARM
		{A285FCC6-70B7-49FE-8A1E-155E35F94402}.Ad-Hoc|iPhone.ActiveCfg = Release|x86
		{A285FCC6-70B7-49FE-8A1E-155E35F94402}.Ad-Hoc|iPhone.Build.0 = Release|x86
		{A285FCC6-70B7-49FE-8A1E-155E35F94402}.Ad-Hoc|iPhone.Deploy.0 = Release|x86
		{A285FCC6-70B7-49FE-8A1E-155E35F94402}.Ad-Hoc|iPhoneSimulator.ActiveCfg = Release|x86
		{A285FCC6-70B7-49FE-8A1E-155E35F94402}.Ad-Hoc|iPhoneSimulator.Build.0 = Release|x86
		{A285FCC6-70B7-49FE-8A1E-155E35F94402}.Ad-Hoc|iPhoneSimulator.Deploy.0 = Release|x86
		{A285FCC6-70B7-49FE-8A1E-155E35F94402}.Ad-Hoc|x64.ActiveCfg = Release|x64
		{A285FCC6-70B7-49FE-8A1E-155E35F94402}.Ad-Hoc|x64.Build.0 = Release|x64
		{A285FCC6-70B7-49FE-8A1E-155E35F94402}.Ad-Hoc|x64.Deploy.0 = Release|x64
		{A285FCC6-70B7-49FE-8A1E-155E35F94402}.Ad-Hoc|x86.ActiveCfg = Release|x86
		{A285FCC6-70B7-49FE-8A1E-155E35F94402}.Ad-Hoc|x86.Build.0 = Release|x86
		{A285FCC6-70B7-49FE-8A1E-155E35F94402}.Ad-Hoc|x86.Deploy.0 = Release|x86
		{A285FCC6-70B7-49FE-8A1E-155E35F94402}.AppStore|Any CPU.ActiveCfg = Release|x86
		{A285FCC6-70B7-49FE-8A1E-155E35F94402}.AppStore|Any CPU.Build.0 = Release|x86
		{A285FCC6-70B7-49FE-8A1E-155E35F94402}.AppStore|Any CPU.Deploy.0 = Release|x86
		{A285FCC6-70B7-49FE-8A1E-155E35F94402}.AppStore|ARM.ActiveCfg = Release|ARM
		{A285FCC6-70B7-49FE-8A1E-155E35F94402}.AppStore|ARM.Build.0 = Release|ARM
		{A285FCC6-70B7-49FE-8A1E-155E35F94402}.AppStore|ARM.Deploy.0 = Release|ARM
		{A285FCC6-70B7-49FE-8A1E-155E35F94402}.AppStore|iPhone.ActiveCfg = Release|x86
		{A285FCC6-70B7-49FE-8A1E-155E35F94402}.AppStore|iPhone.Build.0 = Release|x86
		{A285FCC6-70B7-49FE-8A1E-155E35F94402}.AppStore|iPhone.Deploy.0 = Release|x86
		{A285FCC6-70B7-49FE-8A1E-155E35F94402}.AppStore|iPhoneSimulator.ActiveCfg = Release|x86
		{A285FCC6-70B7-49FE-8A1E-155E35F94402}.AppStore|iPhoneSimulator.Build.0 = Release|x86
		{A285FCC6-70B7-49FE-8A1E-155E35F94402}.AppStore|iPhoneSimulator.Deploy.0 = Release|x86
		{A285FCC6-70B7-49FE-8A1E-155E35F94402}.AppStore|x64.ActiveCfg = Release|x64
		{A285FCC6-70B7-49FE-8A1E-155E35F94402}.AppStore|x64.Build.0 = Release|x64
		{A285FCC6-70B7-49FE-8A1E-155E35F94402}.AppStore|x64.Deploy.0 = Release|x64
		{A285FCC6-70B7-49FE-8A1E-155E35F94402}.AppStore|x86.ActiveCfg = Release|x86
		{A285FCC6-70B7-49FE-8A1E-155E35F94402}.AppStore|x86.Build.0 = Release|x86
		{A285FCC6-70B7-49FE-8A1E-155E35F94402}.AppStore|x86.Deploy.0 = Release|x86
		{A285FCC6-70B7-49FE-8A1E-155E35F94402}.Debug|Any CPU.ActiveCfg = Debug|x86
		{A285FCC6-70B7-49FE-8A1E-155E35F94402}.Debug|ARM.ActiveCfg = Debug|ARM
		{A285FCC6-70B7-49FE-8A1E-155E35F94402}.Debug|ARM.Build.0 = Debug|ARM
		{A285FCC6-70B7-49FE-8A1E-155E35F94402}.Debug|ARM.Deploy.0 = Debug|ARM
		{A285FCC6-70B7-49FE-8A1E-155E35F94402}.Debug|iPhone.ActiveCfg = Debug|x86
		{A285FCC6-70B7-49FE-8A1E-155E35F94402}.Debug|iPhoneSimulator.ActiveCfg = Debug|x86
		{A285FCC6-70B7-49FE-8A1E-155E35F94402}.Debug|x64.ActiveCfg = Debug|x64
		{A285FCC6-70B7-49FE-8A1E-155E35F94402}.Debug|x64.Build.0 = Debug|x64
		{A285FCC6-70B7-49FE-8A1E-155E35F94402}.Debug|x64.Deploy.0 = Debug|x64
		{A285FCC6-70B7-49FE-8A1E-155E35F94402}.Debug|x86.ActiveCfg = Debug|x86
		{A285FCC6-70B7-49FE-8A1E-155E35F94402}.Debug|x86.Build.0 = Debug|x86
		{A285FCC6-70B7-49FE-8A1E-155E35F94402}.Debug|x86.Deploy.0 = Debug|x86
		{A285FCC6-70B7-49FE-8A1E-155E35F94402}.Release|Any CPU.ActiveCfg = Release|x86
		{A285FCC6-70B7-49FE-8A1E-155E35F94402}.Release|ARM.ActiveCfg = Release|ARM
		{A285FCC6-70B7-49FE-8A1E-155E35F94402}.Release|ARM.Build.0 = Release|ARM
		{A285FCC6-70B7-49FE-8A1E-155E35F94402}.Release|ARM.Deploy.0 = Release|ARM
		{A285FCC6-70B7-49FE-8A1E-155E35F94402}.Release|iPhone.ActiveCfg = Release|x86
		{A285FCC6-70B7-49FE-8A1E-155E35F94402}.Release|iPhoneSimulator.ActiveCfg = Release|x86
		{A285FCC6-70B7-49FE-8A1E-155E35F94402}.Release|x64.ActiveCfg = Release|x64
		{A285FCC6-70B7-49FE-8A1E-155E35F94402}.Release|x64.Build.0 = Release|x64
		{A285FCC6-70B7-49FE-8A1E-155E35F94402}.Release|x64.Deploy.0 = Release|x64
		{A285FCC6-70B7-49FE-8A1E-155E35F94402}.Release|x86.ActiveCfg = Release|x86
		{A285FCC6-70B7-49FE-8A1E-155E35F94402}.Release|x86.Build.0 = Release|x86
		{A285FCC6-70B7-49FE-8A1E-155E35F94402}.Release|x86.Deploy.0 = Release|x86
		{648E32B4-5768-48D1-ACF4-07DB6B72848A}.Ad-Hoc|Any CPU.ActiveCfg = Ad-Hoc|iPhone
		{648E32B4-5768-48D1-ACF4-07DB6B72848A}.Ad-Hoc|ARM.ActiveCfg = Ad-Hoc|iPhone
		{648E32B4-5768-48D1-ACF4-07DB6B72848A}.Ad-Hoc|iPhone.ActiveCfg = Ad-Hoc|iPhone
		{648E32B4-5768-48D1-ACF4-07DB6B72848A}.Ad-Hoc|iPhone.Build.0 = Ad-Hoc|iPhone
		{648E32B4-5768-48D1-ACF4-07DB6B72848A}.Ad-Hoc|iPhoneSimulator.ActiveCfg = Ad-Hoc|iPhoneSimulator
		{648E32B4-5768-48D1-ACF4-07DB6B72848A}.Ad-Hoc|iPhoneSimulator.Build.0 = Ad-Hoc|iPhoneSimulator
		{648E32B4-5768-48D1-ACF4-07DB6B72848A}.Ad-Hoc|x64.ActiveCfg = Ad-Hoc|iPhone
		{648E32B4-5768-48D1-ACF4-07DB6B72848A}.Ad-Hoc|x86.ActiveCfg = Ad-Hoc|iPhone
		{648E32B4-5768-48D1-ACF4-07DB6B72848A}.AppStore|Any CPU.ActiveCfg = AppStore|iPhone
		{648E32B4-5768-48D1-ACF4-07DB6B72848A}.AppStore|ARM.ActiveCfg = AppStore|iPhone
		{648E32B4-5768-48D1-ACF4-07DB6B72848A}.AppStore|iPhone.ActiveCfg = AppStore|iPhone
		{648E32B4-5768-48D1-ACF4-07DB6B72848A}.AppStore|iPhone.Build.0 = AppStore|iPhone
		{648E32B4-5768-48D1-ACF4-07DB6B72848A}.AppStore|iPhoneSimulator.ActiveCfg = AppStore|iPhoneSimulator
		{648E32B4-5768-48D1-ACF4-07DB6B72848A}.AppStore|iPhoneSimulator.Build.0 = AppStore|iPhoneSimulator
		{648E32B4-5768-48D1-ACF4-07DB6B72848A}.AppStore|x64.ActiveCfg = AppStore|iPhone
		{648E32B4-5768-48D1-ACF4-07DB6B72848A}.AppStore|x86.ActiveCfg = AppStore|iPhone
		{648E32B4-5768-48D1-ACF4-07DB6B72848A}.Debug|Any CPU.ActiveCfg = Debug|iPhone
		{648E32B4-5768-48D1-ACF4-07DB6B72848A}.Debug|ARM.ActiveCfg = Debug|iPhone
		{648E32B4-5768-48D1-ACF4-07DB6B72848A}.Debug|iPhone.ActiveCfg = Debug|iPhone
		{648E32B4-5768-48D1-ACF4-07DB6B72848A}.Debug|iPhone.Build.0 = Debug|iPhone
		{648E32B4-5768-48D1-ACF4-07DB6B72848A}.Debug|iPhoneSimulator.ActiveCfg = Debug|iPhoneSimulator
		{648E32B4-5768-48D1-ACF4-07DB6B72848A}.Debug|iPhoneSimulator.Build.0 = Debug|iPhoneSimulator
		{648E32B4-5768-48D1-ACF4-07DB6B72848A}.Debug|x64.ActiveCfg = Debug|iPhone
		{648E32B4-5768-48D1-ACF4-07DB6B72848A}.Debug|x86.ActiveCfg = Debug|iPhone
		{648E32B4-5768-48D1-ACF4-07DB6B72848A}.Release|Any CPU.ActiveCfg = Release|iPhone
		{648E32B4-5768-48D1-ACF4-07DB6B72848A}.Release|ARM.ActiveCfg = Release|iPhone
		{648E32B4-5768-48D1-ACF4-07DB6B72848A}.Release|iPhone.ActiveCfg = Release|iPhone
		{648E32B4-5768-48D1-ACF4-07DB6B72848A}.Release|iPhone.Build.0 = Release|iPhone
		{648E32B4-5768-48D1-ACF4-07DB6B72848A}.Release|iPhoneSimulator.ActiveCfg = Release|iPhoneSimulator
		{648E32B4-5768-48D1-ACF4-07DB6B72848A}.Release|iPhoneSimulator.Build.0 = Release|iPhoneSimulator
		{648E32B4-5768-48D1-ACF4-07DB6B72848A}.Release|x64.ActiveCfg = Release|iPhone
		{648E32B4-5768-48D1-ACF4-07DB6B72848A}.Release|x86.ActiveCfg = Release|iPhone
	EndGlobalSection
	GlobalSection(SolutionProperties) = preSolution
		HideSolutionNode = FALSE
	EndGlobalSection
	GlobalSection(NestedProjects) = preSolution
		{35E58ADD-1931-4E2F-B114-E4D693A6F57B} = {CC2ED8D6-E16B-4938-840D-8481A303787A}
		{7D5CE3AE-F93B-45FD-B9E4-978F1AF083D6} = {7E0BC244-DCD2-4D42-946C-603F1F30F0C1}
		{7CDAAE02-D703-4A41-B197-4705CB5BDC25} = {B18961A7-8010-4A35-AED3-9DDBA46567AF}
		{D250307C-4D57-4E54-9B92-549AD393C1D7} = {B18961A7-8010-4A35-AED3-9DDBA46567AF}
		{A285FCC6-70B7-49FE-8A1E-155E35F94402} = {B18961A7-8010-4A35-AED3-9DDBA46567AF}
		{648E32B4-5768-48D1-ACF4-07DB6B72848A} = {B18961A7-8010-4A35-AED3-9DDBA46567AF}
	EndGlobalSection
	GlobalSection(ExtensibilityGlobals) = postSolution
		SolutionGuid = {96013AF1-39F5-486D-BB22-D58319C92153}
	EndGlobalSection
EndGlobal
