
Microsoft Visual Studio Solution File, Format Version 12.00
# Visual Studio 15
VisualStudioVersion = 15.0.26730.12
MinimumVisualStudioVersion = 10.0.40219.1
Project("{2150E333-8FDC-42A3-9474-1A3956D46DE8}") = "Business", "Business", "{7E0BC244-DCD2-4D42-946C-603F1F30F0C1}"
EndProject
Project("{2150E333-8FDC-42A3-9474-1A3956D46DE8}") = "Services", "Services", "{CC2ED8D6-E16B-4938-840D-8481A303787A}"
EndProject
Project("{2150E333-8FDC-42A3-9474-1A3956D46DE8}") = "App", "App", "{B18961A7-8010-4A35-AED3-9DDBA46567AF}"
EndProject
Project("{FAE04EC0-301F-11D3-BF4B-00C04F79EFBC}") = "Ct.SubFinder.Mobile.App", "App\Ct.SubFinder.Mobile.App\Ct.SubFinder.Mobile.App.csproj", "{9F84EDE3-15B9-4AA6-873F-734341A99DF4}"
EndProject
Project("{FAE04EC0-301F-11D3-BF4B-00C04F79EFBC}") = "Ct.SubFinder.Mobile.App.Android", "App\Ct.SubFinder.Mobile.App.Android\Ct.SubFinder.Mobile.App.Android.csproj", "{2D4C45EF-F02D-4F52-BCE9-5554AD91C710}"
EndProject
Project("{FAE04EC0-301F-11D3-BF4B-00C04F79EFBC}") = "Ct.SubFinder.Mobile.App.iOS", "App\Ct.SubFinder.Mobile.App.iOS\Ct.SubFinder.Mobile.App.iOS.csproj", "{05768C97-31DE-4BF1-B978-4BF08F6D3AB2}"
EndProject
Project("{FAE04EC0-301F-11D3-BF4B-00C04F79EFBC}") = "Ct.SubFinder.Mobile.App.UWP", "App\Ct.SubFinder.Mobile.App.UWP\Ct.SubFinder.Mobile.App.UWP.csproj", "{D38FBCEE-8207-48F1-8316-2EF1A73BA6BE}"
EndProject
Project("{9A19103F-16F7-4668-BE54-9A1E7A4F7556}") = "Ct.SubFinder.Infrastructure", "Ct.SubFinder.Infrastructure\Ct.SubFinder.Infrastructure.csproj", "{35E58ADD-1931-4E2F-B114-E4D693A6F57B}"
EndProject
Project("{9A19103F-16F7-4668-BE54-9A1E7A4F7556}") = "Ct.SubFinder.Core", "Ct.SubFinder.Core\Ct.SubFinder.Core.csproj", "{3BDBA56C-AB1F-4B40-BCEC-CEDFBFB3D64E}"
EndProject
Project("{9A19103F-16F7-4668-BE54-9A1E7A4F7556}") = "Ct.SubFinder.Domain", "Business\Ct.SubFinder.Domain\Ct.SubFinder.Domain.csproj", "{CF05E55A-B6B5-44DF-84F0-3ECB196C1050}"
EndProject
Global
	GlobalSection(SolutionConfigurationPlatforms) = preSolution
		Ad-Hoc|Any CPU = Ad-Hoc|Any CPU
		Ad-Hoc|ARM = Ad-Hoc|ARM
		Ad-Hoc|iPhone = Ad-Hoc|iPhone
		Ad-Hoc|iPhoneSimulator = Ad-Hoc|iPhoneSimulator
		Ad-Hoc|x64 = Ad-Hoc|x64
		Ad-Hoc|x86 = Ad-Hoc|x86
		AppStore|Any CPU = AppStore|Any CPU
		AppStore|ARM = AppStore|ARM
		AppStore|iPhone = AppStore|iPhone
		AppStore|iPhoneSimulator = AppStore|iPhoneSimulator
		AppStore|x64 = AppStore|x64
		AppStore|x86 = AppStore|x86
		Debug|Any CPU = Debug|Any CPU
		Debug|ARM = Debug|ARM
		Debug|iPhone = Debug|iPhone
		Debug|iPhoneSimulator = Debug|iPhoneSimulator
		Debug|x64 = Debug|x64
		Debug|x86 = Debug|x86
		Release|Any CPU = Release|Any CPU
		Release|ARM = Release|ARM
		Release|iPhone = Release|iPhone
		Release|iPhoneSimulator = Release|iPhoneSimulator
		Release|x64 = Release|x64
		Release|x86 = Release|x86
	EndGlobalSection
	GlobalSection(ProjectConfigurationPlatforms) = postSolution
		{9F84EDE3-15B9-4AA6-873F-734341A99DF4}.Ad-Hoc|Any CPU.ActiveCfg = Release|Any CPU
		{9F84EDE3-15B9-4AA6-873F-734341A99DF4}.Ad-Hoc|Any CPU.Build.0 = Release|Any CPU
		{9F84EDE3-15B9-4AA6-873F-734341A99DF4}.Ad-Hoc|ARM.ActiveCfg = Release|Any CPU
		{9F84EDE3-15B9-4AA6-873F-734341A99DF4}.Ad-Hoc|ARM.Build.0 = Release|Any CPU
		{9F84EDE3-15B9-4AA6-873F-734341A99DF4}.Ad-Hoc|iPhone.ActiveCfg = Release|Any CPU
		{9F84EDE3-15B9-4AA6-873F-734341A99DF4}.Ad-Hoc|iPhone.Build.0 = Release|Any CPU
		{9F84EDE3-15B9-4AA6-873F-734341A99DF4}.Ad-Hoc|iPhoneSimulator.ActiveCfg = Release|Any CPU
		{9F84EDE3-15B9-4AA6-873F-734341A99DF4}.Ad-Hoc|iPhoneSimulator.Build.0 = Release|Any CPU
		{9F84EDE3-15B9-4AA6-873F-734341A99DF4}.Ad-Hoc|x64.ActiveCfg = Release|Any CPU
		{9F84EDE3-15B9-4AA6-873F-734341A99DF4}.Ad-Hoc|x64.Build.0 = Release|Any CPU
		{9F84EDE3-15B9-4AA6-873F-734341A99DF4}.Ad-Hoc|x86.ActiveCfg = Release|Any CPU
		{9F84EDE3-15B9-4AA6-873F-734341A99DF4}.Ad-Hoc|x86.Build.0 = Release|Any CPU
		{9F84EDE3-15B9-4AA6-873F-734341A99DF4}.AppStore|Any CPU.ActiveCfg = Release|Any CPU
		{9F84EDE3-15B9-4AA6-873F-734341A99DF4}.AppStore|Any CPU.Build.0 = Release|Any CPU
		{9F84EDE3-15B9-4AA6-873F-734341A99DF4}.AppStore|ARM.ActiveCfg = Release|Any CPU
		{9F84EDE3-15B9-4AA6-873F-734341A99DF4}.AppStore|ARM.Build.0 = Release|Any CPU
		{9F84EDE3-15B9-4AA6-873F-734341A99DF4}.AppStore|iPhone.ActiveCfg = Release|Any CPU
		{9F84EDE3-15B9-4AA6-873F-734341A99DF4}.AppStore|iPhone.Build.0 = Release|Any CPU
		{9F84EDE3-15B9-4AA6-873F-734341A99DF4}.AppStore|iPhoneSimulator.ActiveCfg = Release|Any CPU
		{9F84EDE3-15B9-4AA6-873F-734341A99DF4}.AppStore|iPhoneSimulator.Build.0 = Release|Any CPU
		{9F84EDE3-15B9-4AA6-873F-734341A99DF4}.AppStore|x64.ActiveCfg = Release|Any CPU
		{9F84EDE3-15B9-4AA6-873F-734341A99DF4}.AppStore|x64.Build.0 = Release|Any CPU
		{9F84EDE3-15B9-4AA6-873F-734341A99DF4}.AppStore|x86.ActiveCfg = Release|Any CPU
		{9F84EDE3-15B9-4AA6-873F-734341A99DF4}.AppStore|x86.Build.0 = Release|Any CPU
		{9F84EDE3-15B9-4AA6-873F-734341A99DF4}.Debug|Any CPU.ActiveCfg = Debug|Any CPU
		{9F84EDE3-15B9-4AA6-873F-734341A99DF4}.Debug|Any CPU.Build.0 = Debug|Any CPU
		{9F84EDE3-15B9-4AA6-873F-734341A99DF4}.Debug|ARM.ActiveCfg = Debug|Any CPU
		{9F84EDE3-15B9-4AA6-873F-734341A99DF4}.Debug|ARM.Build.0 = Debug|Any CPU
		{9F84EDE3-15B9-4AA6-873F-734341A99DF4}.Debug|iPhone.ActiveCfg = Debug|Any CPU
		{9F84EDE3-15B9-4AA6-873F-734341A99DF4}.Debug|iPhone.Build.0 = Debug|Any CPU
		{9F84EDE3-15B9-4AA6-873F-734341A99DF4}.Debug|iPhoneSimulator.ActiveCfg = Debug|Any CPU
		{9F84EDE3-15B9-4AA6-873F-734341A99DF4}.Debug|iPhoneSimulator.Build.0 = Debug|Any CPU
		{9F84EDE3-15B9-4AA6-873F-734341A99DF4}.Debug|x64.ActiveCfg = Debug|Any CPU
		{9F84EDE3-15B9-4AA6-873F-734341A99DF4}.Debug|x64.Build.0 = Debug|Any CPU
		{9F84EDE3-15B9-4AA6-873F-734341A99DF4}.Debug|x86.ActiveCfg = Debug|Any CPU
		{9F84EDE3-15B9-4AA6-873F-734341A99DF4}.Debug|x86.Build.0 = Debug|Any CPU
		{9F84EDE3-15B9-4AA6-873F-734341A99DF4}.Release|Any CPU.ActiveCfg = Release|Any CPU
		{9F84EDE3-15B9-4AA6-873F-734341A99DF4}.Release|Any CPU.Build.0 = Release|Any CPU
		{9F84EDE3-15B9-4AA6-873F-734341A99DF4}.Release|ARM.ActiveCfg = Release|Any CPU
		{9F84EDE3-15B9-4AA6-873F-734341A99DF4}.Release|ARM.Build.0 = Release|Any CPU
		{9F84EDE3-15B9-4AA6-873F-734341A99DF4}.Release|iPhone.ActiveCfg = Release|Any CPU
		{9F84EDE3-15B9-4AA6-873F-734341A99DF4}.Release|iPhone.Build.0 = Release|Any CPU
		{9F84EDE3-15B9-4AA6-873F-734341A99DF4}.Release|iPhoneSimulator.ActiveCfg = Release|Any CPU
		{9F84EDE3-15B9-4AA6-873F-734341A99DF4}.Release|iPhoneSimulator.Build.0 = Release|Any CPU
		{9F84EDE3-15B9-4AA6-873F-734341A99DF4}.Release|x64.ActiveCfg = Release|Any CPU
		{9F84EDE3-15B9-4AA6-873F-734341A99DF4}.Release|x64.Build.0 = Release|Any CPU
		{9F84EDE3-15B9-4AA6-873F-734341A99DF4}.Release|x86.ActiveCfg = Release|Any CPU
		{9F84EDE3-15B9-4AA6-873F-734341A99DF4}.Release|x86.Build.0 = Release|Any CPU
		{2D4C45EF-F02D-4F52-BCE9-5554AD91C710}.Ad-Hoc|Any CPU.ActiveCfg = Release|Any CPU
		{2D4C45EF-F02D-4F52-BCE9-5554AD91C710}.Ad-Hoc|Any CPU.Build.0 = Release|Any CPU
		{2D4C45EF-F02D-4F52-BCE9-5554AD91C710}.Ad-Hoc|Any CPU.Deploy.0 = Release|Any CPU
		{2D4C45EF-F02D-4F52-BCE9-5554AD91C710}.Ad-Hoc|ARM.ActiveCfg = Release|Any CPU
		{2D4C45EF-F02D-4F52-BCE9-5554AD91C710}.Ad-Hoc|ARM.Build.0 = Release|Any CPU
		{2D4C45EF-F02D-4F52-BCE9-5554AD91C710}.Ad-Hoc|ARM.Deploy.0 = Release|Any CPU
		{2D4C45EF-F02D-4F52-BCE9-5554AD91C710}.Ad-Hoc|iPhone.ActiveCfg = Release|Any CPU
		{2D4C45EF-F02D-4F52-BCE9-5554AD91C710}.Ad-Hoc|iPhone.Build.0 = Release|Any CPU
		{2D4C45EF-F02D-4F52-BCE9-5554AD91C710}.Ad-Hoc|iPhone.Deploy.0 = Release|Any CPU
		{2D4C45EF-F02D-4F52-BCE9-5554AD91C710}.Ad-Hoc|iPhoneSimulator.ActiveCfg = Release|Any CPU
		{2D4C45EF-F02D-4F52-BCE9-5554AD91C710}.Ad-Hoc|iPhoneSimulator.Build.0 = Release|Any CPU
		{2D4C45EF-F02D-4F52-BCE9-5554AD91C710}.Ad-Hoc|iPhoneSimulator.Deploy.0 = Release|Any CPU
		{2D4C45EF-F02D-4F52-BCE9-5554AD91C710}.Ad-Hoc|x64.ActiveCfg = Release|Any CPU
		{2D4C45EF-F02D-4F52-BCE9-5554AD91C710}.Ad-Hoc|x64.Build.0 = Release|Any CPU
		{2D4C45EF-F02D-4F52-BCE9-5554AD91C710}.Ad-Hoc|x64.Deploy.0 = Release|Any CPU
		{2D4C45EF-F02D-4F52-BCE9-5554AD91C710}.Ad-Hoc|x86.ActiveCfg = Release|Any CPU
		{2D4C45EF-F02D-4F52-BCE9-5554AD91C710}.Ad-Hoc|x86.Build.0 = Release|Any CPU
		{2D4C45EF-F02D-4F52-BCE9-5554AD91C710}.Ad-Hoc|x86.Deploy.0 = Release|Any CPU
		{2D4C45EF-F02D-4F52-BCE9-5554AD91C710}.AppStore|Any CPU.ActiveCfg = Release|Any CPU
		{2D4C45EF-F02D-4F52-BCE9-5554AD91C710}.AppStore|Any CPU.Build.0 = Release|Any CPU
		{2D4C45EF-F02D-4F52-BCE9-5554AD91C710}.AppStore|Any CPU.Deploy.0 = Release|Any CPU
		{2D4C45EF-F02D-4F52-BCE9-5554AD91C710}.AppStore|ARM.ActiveCfg = Release|Any CPU
		{2D4C45EF-F02D-4F52-BCE9-5554AD91C710}.AppStore|ARM.Build.0 = Release|Any CPU
		{2D4C45EF-F02D-4F52-BCE9-5554AD91C710}.AppStore|ARM.Deploy.0 = Release|Any CPU
		{2D4C45EF-F02D-4F52-BCE9-5554AD91C710}.AppStore|iPhone.ActiveCfg = Release|Any CPU
		{2D4C45EF-F02D-4F52-BCE9-5554AD91C710}.AppStore|iPhone.Build.0 = Release|Any CPU
		{2D4C45EF-F02D-4F52-BCE9-5554AD91C710}.AppStore|iPhone.Deploy.0 = Release|Any CPU
		{2D4C45EF-F02D-4F52-BCE9-5554AD91C710}.AppStore|iPhoneSimulator.ActiveCfg = Release|Any CPU
		{2D4C45EF-F02D-4F52-BCE9-5554AD91C710}.AppStore|iPhoneSimulator.Build.0 = Release|Any CPU
		{2D4C45EF-F02D-4F52-BCE9-5554AD91C710}.AppStore|iPhoneSimulator.Deploy.0 = Release|Any CPU
		{2D4C45EF-F02D-4F52-BCE9-5554AD91C710}.AppStore|x64.ActiveCfg = Release|Any CPU
		{2D4C45EF-F02D-4F52-BCE9-5554AD91C710}.AppStore|x64.Build.0 = Release|Any CPU
		{2D4C45EF-F02D-4F52-BCE9-5554AD91C710}.AppStore|x64.Deploy.0 = Release|Any CPU
		{2D4C45EF-F02D-4F52-BCE9-5554AD91C710}.AppStore|x86.ActiveCfg = Release|Any CPU
		{2D4C45EF-F02D-4F52-BCE9-5554AD91C710}.AppStore|x86.Build.0 = Release|Any CPU
		{2D4C45EF-F02D-4F52-BCE9-5554AD91C710}.AppStore|x86.Deploy.0 = Release|Any CPU
		{2D4C45EF-F02D-4F52-BCE9-5554AD91C710}.Debug|Any CPU.ActiveCfg = Debug|Any CPU
		{2D4C45EF-F02D-4F52-BCE9-5554AD91C710}.Debug|Any CPU.Build.0 = Debug|Any CPU
		{2D4C45EF-F02D-4F52-BCE9-5554AD91C710}.Debug|Any CPU.Deploy.0 = Debug|Any CPU
		{2D4C45EF-F02D-4F52-BCE9-5554AD91C710}.Debug|ARM.ActiveCfg = Debug|Any CPU
		{2D4C45EF-F02D-4F52-BCE9-5554AD91C710}.Debug|ARM.Build.0 = Debug|Any CPU
		{2D4C45EF-F02D-4F52-BCE9-5554AD91C710}.Debug|ARM.Deploy.0 = Debug|Any CPU
		{2D4C45EF-F02D-4F52-BCE9-5554AD91C710}.Debug|iPhone.ActiveCfg = Debug|Any CPU
		{2D4C45EF-F02D-4F52-BCE9-5554AD91C710}.Debug|iPhone.Build.0 = Debug|Any CPU
		{2D4C45EF-F02D-4F52-BCE9-5554AD91C710}.Debug|iPhone.Deploy.0 = Debug|Any CPU
		{2D4C45EF-F02D-4F52-BCE9-5554AD91C710}.Debug|iPhoneSimulator.ActiveCfg = Debug|Any CPU
		{2D4C45EF-F02D-4F52-BCE9-5554AD91C710}.Debug|iPhoneSimulator.Build.0 = Debug|Any CPU
		{2D4C45EF-F02D-4F52-BCE9-5554AD91C710}.Debug|iPhoneSimulator.Deploy.0 = Debug|Any CPU
		{2D4C45EF-F02D-4F52-BCE9-5554AD91C710}.Debug|x64.ActiveCfg = Debug|Any CPU
		{2D4C45EF-F02D-4F52-BCE9-5554AD91C710}.Debug|x64.Build.0 = Debug|Any CPU
		{2D4C45EF-F02D-4F52-BCE9-5554AD91C710}.Debug|x64.Deploy.0 = Debug|Any CPU
		{2D4C45EF-F02D-4F52-BCE9-5554AD91C710}.Debug|x86.ActiveCfg = Debug|Any CPU
		{2D4C45EF-F02D-4F52-BCE9-5554AD91C710}.Debug|x86.Build.0 = Debug|Any CPU
		{2D4C45EF-F02D-4F52-BCE9-5554AD91C710}.Debug|x86.Deploy.0 = Debug|Any CPU
		{2D4C45EF-F02D-4F52-BCE9-5554AD91C710}.Release|Any CPU.ActiveCfg = Release|Any CPU
		{2D4C45EF-F02D-4F52-BCE9-5554AD91C710}.Release|Any CPU.Build.0 = Release|Any CPU
		{2D4C45EF-F02D-4F52-BCE9-5554AD91C710}.Release|Any CPU.Deploy.0 = Release|Any CPU
		{2D4C45EF-F02D-4F52-BCE9-5554AD91C710}.Release|ARM.ActiveCfg = Release|Any CPU
		{2D4C45EF-F02D-4F52-BCE9-5554AD91C710}.Release|ARM.Build.0 = Release|Any CPU
		{2D4C45EF-F02D-4F52-BCE9-5554AD91C710}.Release|ARM.Deploy.0 = Release|Any CPU
		{2D4C45EF-F02D-4F52-BCE9-5554AD91C710}.Release|iPhone.ActiveCfg = Release|Any CPU
		{2D4C45EF-F02D-4F52-BCE9-5554AD91C710}.Release|iPhone.Build.0 = Release|Any CPU
		{2D4C45EF-F02D-4F52-BCE9-5554AD91C710}.Release|iPhone.Deploy.0 = Release|Any CPU
		{2D4C45EF-F02D-4F52-BCE9-5554AD91C710}.Release|iPhoneSimulator.ActiveCfg = Release|Any CPU
		{2D4C45EF-F02D-4F52-BCE9-5554AD91C710}.Release|iPhoneSimulator.Build.0 = Release|Any CPU
		{2D4C45EF-F02D-4F52-BCE9-5554AD91C710}.Release|iPhoneSimulator.Deploy.0 = Release|Any CPU
		{2D4C45EF-F02D-4F52-BCE9-5554AD91C710}.Release|x64.ActiveCfg = Release|Any CPU
		{2D4C45EF-F02D-4F52-BCE9-5554AD91C710}.Release|x64.Build.0 = Release|Any CPU
		{2D4C45EF-F02D-4F52-BCE9-5554AD91C710}.Release|x64.Deploy.0 = Release|Any CPU
		{2D4C45EF-F02D-4F52-BCE9-5554AD91C710}.Release|x86.ActiveCfg = Release|Any CPU
		{2D4C45EF-F02D-4F52-BCE9-5554AD91C710}.Release|x86.Build.0 = Release|Any CPU
		{2D4C45EF-F02D-4F52-BCE9-5554AD91C710}.Release|x86.Deploy.0 = Release|Any CPU
		{05768C97-31DE-4BF1-B978-4BF08F6D3AB2}.Ad-Hoc|Any CPU.ActiveCfg = Ad-Hoc|iPhone
		{05768C97-31DE-4BF1-B978-4BF08F6D3AB2}.Ad-Hoc|ARM.ActiveCfg = Ad-Hoc|iPhone
		{05768C97-31DE-4BF1-B978-4BF08F6D3AB2}.Ad-Hoc|iPhone.ActiveCfg = Ad-Hoc|iPhone
		{05768C97-31DE-4BF1-B978-4BF08F6D3AB2}.Ad-Hoc|iPhone.Build.0 = Ad-Hoc|iPhone
		{05768C97-31DE-4BF1-B978-4BF08F6D3AB2}.Ad-Hoc|iPhoneSimulator.ActiveCfg = Ad-Hoc|iPhoneSimulator
		{05768C97-31DE-4BF1-B978-4BF08F6D3AB2}.Ad-Hoc|iPhoneSimulator.Build.0 = Ad-Hoc|iPhoneSimulator
		{05768C97-31DE-4BF1-B978-4BF08F6D3AB2}.Ad-Hoc|x64.ActiveCfg = Ad-Hoc|iPhone
		{05768C97-31DE-4BF1-B978-4BF08F6D3AB2}.Ad-Hoc|x86.ActiveCfg = Ad-Hoc|iPhone
		{05768C97-31DE-4BF1-B978-4BF08F6D3AB2}.AppStore|Any CPU.ActiveCfg = AppStore|iPhone
		{05768C97-31DE-4BF1-B978-4BF08F6D3AB2}.AppStore|ARM.ActiveCfg = AppStore|iPhone
		{05768C97-31DE-4BF1-B978-4BF08F6D3AB2}.AppStore|iPhone.ActiveCfg = AppStore|iPhone
		{05768C97-31DE-4BF1-B978-4BF08F6D3AB2}.AppStore|iPhone.Build.0 = AppStore|iPhone
		{05768C97-31DE-4BF1-B978-4BF08F6D3AB2}.AppStore|iPhoneSimulator.ActiveCfg = AppStore|iPhoneSimulator
		{05768C97-31DE-4BF1-B978-4BF08F6D3AB2}.AppStore|iPhoneSimulator.Build.0 = AppStore|iPhoneSimulator
		{05768C97-31DE-4BF1-B978-4BF08F6D3AB2}.AppStore|x64.ActiveCfg = AppStore|iPhone
		{05768C97-31DE-4BF1-B978-4BF08F6D3AB2}.AppStore|x86.ActiveCfg = AppStore|iPhone
		{05768C97-31DE-4BF1-B978-4BF08F6D3AB2}.Debug|Any CPU.ActiveCfg = Debug|iPhone
		{05768C97-31DE-4BF1-B978-4BF08F6D3AB2}.Debug|ARM.ActiveCfg = Debug|iPhone
		{05768C97-31DE-4BF1-B978-4BF08F6D3AB2}.Debug|iPhone.ActiveCfg = Debug|iPhone
		{05768C97-31DE-4BF1-B978-4BF08F6D3AB2}.Debug|iPhone.Build.0 = Debug|iPhone
		{05768C97-31DE-4BF1-B978-4BF08F6D3AB2}.Debug|iPhoneSimulator.ActiveCfg = Debug|iPhoneSimulator
		{05768C97-31DE-4BF1-B978-4BF08F6D3AB2}.Debug|iPhoneSimulator.Build.0 = Debug|iPhoneSimulator
		{05768C97-31DE-4BF1-B978-4BF08F6D3AB2}.Debug|x64.ActiveCfg = Debug|iPhone
		{05768C97-31DE-4BF1-B978-4BF08F6D3AB2}.Debug|x86.ActiveCfg = Debug|iPhone
		{05768C97-31DE-4BF1-B978-4BF08F6D3AB2}.Release|Any CPU.ActiveCfg = Release|iPhone
		{05768C97-31DE-4BF1-B978-4BF08F6D3AB2}.Release|ARM.ActiveCfg = Release|iPhone
		{05768C97-31DE-4BF1-B978-4BF08F6D3AB2}.Release|iPhone.ActiveCfg = Release|iPhone
		{05768C97-31DE-4BF1-B978-4BF08F6D3AB2}.Release|iPhone.Build.0 = Release|iPhone
		{05768C97-31DE-4BF1-B978-4BF08F6D3AB2}.Release|iPhoneSimulator.ActiveCfg = Release|iPhoneSimulator
		{05768C97-31DE-4BF1-B978-4BF08F6D3AB2}.Release|iPhoneSimulator.Build.0 = Release|iPhoneSimulator
		{05768C97-31DE-4BF1-B978-4BF08F6D3AB2}.Release|x64.ActiveCfg = Release|iPhone
		{05768C97-31DE-4BF1-B978-4BF08F6D3AB2}.Release|x86.ActiveCfg = Release|iPhone
		{D38FBCEE-8207-48F1-8316-2EF1A73BA6BE}.Ad-Hoc|Any CPU.ActiveCfg = Release|x86
		{D38FBCEE-8207-48F1-8316-2EF1A73BA6BE}.Ad-Hoc|Any CPU.Build.0 = Release|x86
		{D38FBCEE-8207-48F1-8316-2EF1A73BA6BE}.Ad-Hoc|Any CPU.Deploy.0 = Release|x86
		{D38FBCEE-8207-48F1-8316-2EF1A73BA6BE}.Ad-Hoc|ARM.ActiveCfg = Release|ARM
		{D38FBCEE-8207-48F1-8316-2EF1A73BA6BE}.Ad-Hoc|ARM.Build.0 = Release|ARM
		{D38FBCEE-8207-48F1-8316-2EF1A73BA6BE}.Ad-Hoc|ARM.Deploy.0 = Release|ARM
		{D38FBCEE-8207-48F1-8316-2EF1A73BA6BE}.Ad-Hoc|iPhone.ActiveCfg = Release|x86
		{D38FBCEE-8207-48F1-8316-2EF1A73BA6BE}.Ad-Hoc|iPhone.Build.0 = Release|x86
		{D38FBCEE-8207-48F1-8316-2EF1A73BA6BE}.Ad-Hoc|iPhone.Deploy.0 = Release|x86
		{D38FBCEE-8207-48F1-8316-2EF1A73BA6BE}.Ad-Hoc|iPhoneSimulator.ActiveCfg = Release|x86
		{D38FBCEE-8207-48F1-8316-2EF1A73BA6BE}.Ad-Hoc|iPhoneSimulator.Build.0 = Release|x86
		{D38FBCEE-8207-48F1-8316-2EF1A73BA6BE}.Ad-Hoc|iPhoneSimulator.Deploy.0 = Release|x86
		{D38FBCEE-8207-48F1-8316-2EF1A73BA6BE}.Ad-Hoc|x64.ActiveCfg = Release|x64
		{D38FBCEE-8207-48F1-8316-2EF1A73BA6BE}.Ad-Hoc|x64.Build.0 = Release|x64
		{D38FBCEE-8207-48F1-8316-2EF1A73BA6BE}.Ad-Hoc|x64.Deploy.0 = Release|x64
		{D38FBCEE-8207-48F1-8316-2EF1A73BA6BE}.Ad-Hoc|x86.ActiveCfg = Release|x86
		{D38FBCEE-8207-48F1-8316-2EF1A73BA6BE}.Ad-Hoc|x86.Build.0 = Release|x86
		{D38FBCEE-8207-48F1-8316-2EF1A73BA6BE}.Ad-Hoc|x86.Deploy.0 = Release|x86
		{D38FBCEE-8207-48F1-8316-2EF1A73BA6BE}.AppStore|Any CPU.ActiveCfg = Release|x86
		{D38FBCEE-8207-48F1-8316-2EF1A73BA6BE}.AppStore|Any CPU.Build.0 = Release|x86
		{D38FBCEE-8207-48F1-8316-2EF1A73BA6BE}.AppStore|Any CPU.Deploy.0 = Release|x86
		{D38FBCEE-8207-48F1-8316-2EF1A73BA6BE}.AppStore|ARM.ActiveCfg = Release|ARM
		{D38FBCEE-8207-48F1-8316-2EF1A73BA6BE}.AppStore|ARM.Build.0 = Release|ARM
		{D38FBCEE-8207-48F1-8316-2EF1A73BA6BE}.AppStore|ARM.Deploy.0 = Release|ARM
		{D38FBCEE-8207-48F1-8316-2EF1A73BA6BE}.AppStore|iPhone.ActiveCfg = Release|x86
		{D38FBCEE-8207-48F1-8316-2EF1A73BA6BE}.AppStore|iPhone.Build.0 = Release|x86
		{D38FBCEE-8207-48F1-8316-2EF1A73BA6BE}.AppStore|iPhone.Deploy.0 = Release|x86
		{D38FBCEE-8207-48F1-8316-2EF1A73BA6BE}.AppStore|iPhoneSimulator.ActiveCfg = Release|x86
		{D38FBCEE-8207-48F1-8316-2EF1A73BA6BE}.AppStore|iPhoneSimulator.Build.0 = Release|x86
		{D38FBCEE-8207-48F1-8316-2EF1A73BA6BE}.AppStore|iPhoneSimulator.Deploy.0 = Release|x86
		{D38FBCEE-8207-48F1-8316-2EF1A73BA6BE}.AppStore|x64.ActiveCfg = Release|x64
		{D38FBCEE-8207-48F1-8316-2EF1A73BA6BE}.AppStore|x64.Build.0 = Release|x64
		{D38FBCEE-8207-48F1-8316-2EF1A73BA6BE}.AppStore|x64.Deploy.0 = Release|x64
		{D38FBCEE-8207-48F1-8316-2EF1A73BA6BE}.AppStore|x86.ActiveCfg = Release|x86
		{D38FBCEE-8207-48F1-8316-2EF1A73BA6BE}.AppStore|x86.Build.0 = Release|x86
		{D38FBCEE-8207-48F1-8316-2EF1A73BA6BE}.AppStore|x86.Deploy.0 = Release|x86
		{D38FBCEE-8207-48F1-8316-2EF1A73BA6BE}.Debug|Any CPU.ActiveCfg = Debug|x86
		{D38FBCEE-8207-48F1-8316-2EF1A73BA6BE}.Debug|ARM.ActiveCfg = Debug|ARM
		{D38FBCEE-8207-48F1-8316-2EF1A73BA6BE}.Debug|ARM.Build.0 = Debug|ARM
		{D38FBCEE-8207-48F1-8316-2EF1A73BA6BE}.Debug|ARM.Deploy.0 = Debug|ARM
		{D38FBCEE-8207-48F1-8316-2EF1A73BA6BE}.Debug|iPhone.ActiveCfg = Debug|x86
		{D38FBCEE-8207-48F1-8316-2EF1A73BA6BE}.Debug|iPhoneSimulator.ActiveCfg = Debug|x86
		{D38FBCEE-8207-48F1-8316-2EF1A73BA6BE}.Debug|x64.ActiveCfg = Debug|x64
		{D38FBCEE-8207-48F1-8316-2EF1A73BA6BE}.Debug|x64.Build.0 = Debug|x64
		{D38FBCEE-8207-48F1-8316-2EF1A73BA6BE}.Debug|x64.Deploy.0 = Debug|x64
		{D38FBCEE-8207-48F1-8316-2EF1A73BA6BE}.Debug|x86.ActiveCfg = Debug|x86
		{D38FBCEE-8207-48F1-8316-2EF1A73BA6BE}.Debug|x86.Build.0 = Debug|x86
		{D38FBCEE-8207-48F1-8316-2EF1A73BA6BE}.Debug|x86.Deploy.0 = Debug|x86
		{D38FBCEE-8207-48F1-8316-2EF1A73BA6BE}.Release|Any CPU.ActiveCfg = Release|x86
		{D38FBCEE-8207-48F1-8316-2EF1A73BA6BE}.Release|ARM.ActiveCfg = Release|ARM
		{D38FBCEE-8207-48F1-8316-2EF1A73BA6BE}.Release|ARM.Build.0 = Release|ARM
		{D38FBCEE-8207-48F1-8316-2EF1A73BA6BE}.Release|ARM.Deploy.0 = Release|ARM
		{D38FBCEE-8207-48F1-8316-2EF1A73BA6BE}.Release|iPhone.ActiveCfg = Release|x86
		{D38FBCEE-8207-48F1-8316-2EF1A73BA6BE}.Release|iPhoneSimulator.ActiveCfg = Release|x86
		{D38FBCEE-8207-48F1-8316-2EF1A73BA6BE}.Release|x64.ActiveCfg = Release|x64
		{D38FBCEE-8207-48F1-8316-2EF1A73BA6BE}.Release|x64.Build.0 = Release|x64
		{D38FBCEE-8207-48F1-8316-2EF1A73BA6BE}.Release|x64.Deploy.0 = Release|x64
		{D38FBCEE-8207-48F1-8316-2EF1A73BA6BE}.Release|x86.ActiveCfg = Release|x86
		{D38FBCEE-8207-48F1-8316-2EF1A73BA6BE}.Release|x86.Build.0 = Release|x86
		{D38FBCEE-8207-48F1-8316-2EF1A73BA6BE}.Release|x86.Deploy.0 = Release|x86
		{35E58ADD-1931-4E2F-B114-E4D693A6F57B}.Ad-Hoc|Any CPU.ActiveCfg = Debug|Any CPU
		{35E58ADD-1931-4E2F-B114-E4D693A6F57B}.Ad-Hoc|Any CPU.Build.0 = Debug|Any CPU
		{35E58ADD-1931-4E2F-B114-E4D693A6F57B}.Ad-Hoc|ARM.ActiveCfg = Debug|Any CPU
		{35E58ADD-1931-4E2F-B114-E4D693A6F57B}.Ad-Hoc|ARM.Build.0 = Debug|Any CPU
		{35E58ADD-1931-4E2F-B114-E4D693A6F57B}.Ad-Hoc|iPhone.ActiveCfg = Debug|Any CPU
		{35E58ADD-1931-4E2F-B114-E4D693A6F57B}.Ad-Hoc|iPhone.Build.0 = Debug|Any CPU
		{35E58ADD-1931-4E2F-B114-E4D693A6F57B}.Ad-Hoc|iPhoneSimulator.ActiveCfg = Debug|Any CPU
		{35E58ADD-1931-4E2F-B114-E4D693A6F57B}.Ad-Hoc|iPhoneSimulator.Build.0 = Debug|Any CPU
		{35E58ADD-1931-4E2F-B114-E4D693A6F57B}.Ad-Hoc|x64.ActiveCfg = Debug|Any CPU
		{35E58ADD-1931-4E2F-B114-E4D693A6F57B}.Ad-Hoc|x64.Build.0 = Debug|Any CPU
		{35E58ADD-1931-4E2F-B114-E4D693A6F57B}.Ad-Hoc|x86.ActiveCfg = Debug|Any CPU
		{35E58ADD-1931-4E2F-B114-E4D693A6F57B}.Ad-Hoc|x86.Build.0 = Debug|Any CPU
		{35E58ADD-1931-4E2F-B114-E4D693A6F57B}.AppStore|Any CPU.ActiveCfg = Debug|Any CPU
		{35E58ADD-1931-4E2F-B114-E4D693A6F57B}.AppStore|Any CPU.Build.0 = Debug|Any CPU
		{35E58ADD-1931-4E2F-B114-E4D693A6F57B}.AppStore|ARM.ActiveCfg = Debug|Any CPU
		{35E58ADD-1931-4E2F-B114-E4D693A6F57B}.AppStore|ARM.Build.0 = Debug|Any CPU
		{35E58ADD-1931-4E2F-B114-E4D693A6F57B}.AppStore|iPhone.ActiveCfg = Debug|Any CPU
		{35E58ADD-1931-4E2F-B114-E4D693A6F57B}.AppStore|iPhone.Build.0 = Debug|Any CPU
		{35E58ADD-1931-4E2F-B114-E4D693A6F57B}.AppStore|iPhoneSimulator.ActiveCfg = Debug|Any CPU
		{35E58ADD-1931-4E2F-B114-E4D693A6F57B}.AppStore|iPhoneSimulator.Build.0 = Debug|Any CPU
		{35E58ADD-1931-4E2F-B114-E4D693A6F57B}.AppStore|x64.ActiveCfg = Debug|Any CPU
		{35E58ADD-1931-4E2F-B114-E4D693A6F57B}.AppStore|x64.Build.0 = Debug|Any CPU
		{35E58ADD-1931-4E2F-B114-E4D693A6F57B}.AppStore|x86.ActiveCfg = Debug|Any CPU
		{35E58ADD-1931-4E2F-B114-E4D693A6F57B}.AppStore|x86.Build.0 = Debug|Any CPU
		{35E58ADD-1931-4E2F-B114-E4D693A6F57B}.Debug|Any CPU.ActiveCfg = Debug|Any CPU
		{35E58ADD-1931-4E2F-B114-E4D693A6F57B}.Debug|Any CPU.Build.0 = Debug|Any CPU
		{35E58ADD-1931-4E2F-B114-E4D693A6F57B}.Debug|ARM.ActiveCfg = Debug|Any CPU
		{35E58ADD-1931-4E2F-B114-E4D693A6F57B}.Debug|ARM.Build.0 = Debug|Any CPU
		{35E58ADD-1931-4E2F-B114-E4D693A6F57B}.Debug|iPhone.ActiveCfg = Debug|Any CPU
		{35E58ADD-1931-4E2F-B114-E4D693A6F57B}.Debug|iPhone.Build.0 = Debug|Any CPU
		{35E58ADD-1931-4E2F-B114-E4D693A6F57B}.Debug|iPhoneSimulator.ActiveCfg = Debug|Any CPU
		{35E58ADD-1931-4E2F-B114-E4D693A6F57B}.Debug|iPhoneSimulator.Build.0 = Debug|Any CPU
		{35E58ADD-1931-4E2F-B114-E4D693A6F57B}.Debug|x64.ActiveCfg = Debug|Any CPU
		{35E58ADD-1931-4E2F-B114-E4D693A6F57B}.Debug|x64.Build.0 = Debug|Any CPU
		{35E58ADD-1931-4E2F-B114-E4D693A6F57B}.Debug|x86.ActiveCfg = Debug|Any CPU
		{35E58ADD-1931-4E2F-B114-E4D693A6F57B}.Debug|x86.Build.0 = Debug|Any CPU
		{35E58ADD-1931-4E2F-B114-E4D693A6F57B}.Release|Any CPU.ActiveCfg = Release|Any CPU
		{35E58ADD-1931-4E2F-B114-E4D693A6F57B}.Release|Any CPU.Build.0 = Release|Any CPU
		{35E58ADD-1931-4E2F-B114-E4D693A6F57B}.Release|ARM.ActiveCfg = Release|Any CPU
		{35E58ADD-1931-4E2F-B114-E4D693A6F57B}.Release|ARM.Build.0 = Release|Any CPU
		{35E58ADD-1931-4E2F-B114-E4D693A6F57B}.Release|iPhone.ActiveCfg = Release|Any CPU
		{35E58ADD-1931-4E2F-B114-E4D693A6F57B}.Release|iPhone.Build.0 = Release|Any CPU
		{35E58ADD-1931-4E2F-B114-E4D693A6F57B}.Release|iPhoneSimulator.ActiveCfg = Release|Any CPU
		{35E58ADD-1931-4E2F-B114-E4D693A6F57B}.Release|iPhoneSimulator.Build.0 = Release|Any CPU
		{35E58ADD-1931-4E2F-B114-E4D693A6F57B}.Release|x64.ActiveCfg = Release|Any CPU
		{35E58ADD-1931-4E2F-B114-E4D693A6F57B}.Release|x64.Build.0 = Release|Any CPU
		{35E58ADD-1931-4E2F-B114-E4D693A6F57B}.Release|x86.ActiveCfg = Release|Any CPU
		{35E58ADD-1931-4E2F-B114-E4D693A6F57B}.Release|x86.Build.0 = Release|Any CPU
		{3BDBA56C-AB1F-4B40-BCEC-CEDFBFB3D64E}.Ad-Hoc|Any CPU.ActiveCfg = Debug|Any CPU
		{3BDBA56C-AB1F-4B40-BCEC-CEDFBFB3D64E}.Ad-Hoc|Any CPU.Build.0 = Debug|Any CPU
		{3BDBA56C-AB1F-4B40-BCEC-CEDFBFB3D64E}.Ad-Hoc|ARM.ActiveCfg = Debug|Any CPU
		{3BDBA56C-AB1F-4B40-BCEC-CEDFBFB3D64E}.Ad-Hoc|ARM.Build.0 = Debug|Any CPU
		{3BDBA56C-AB1F-4B40-BCEC-CEDFBFB3D64E}.Ad-Hoc|iPhone.ActiveCfg = Debug|Any CPU
		{3BDBA56C-AB1F-4B40-BCEC-CEDFBFB3D64E}.Ad-Hoc|iPhone.Build.0 = Debug|Any CPU
		{3BDBA56C-AB1F-4B40-BCEC-CEDFBFB3D64E}.Ad-Hoc|iPhoneSimulator.ActiveCfg = Debug|Any CPU
		{3BDBA56C-AB1F-4B40-BCEC-CEDFBFB3D64E}.Ad-Hoc|iPhoneSimulator.Build.0 = Debug|Any CPU
		{3BDBA56C-AB1F-4B40-BCEC-CEDFBFB3D64E}.Ad-Hoc|x64.ActiveCfg = Debug|Any CPU
		{3BDBA56C-AB1F-4B40-BCEC-CEDFBFB3D64E}.Ad-Hoc|x64.Build.0 = Debug|Any CPU
		{3BDBA56C-AB1F-4B40-BCEC-CEDFBFB3D64E}.Ad-Hoc|x86.ActiveCfg = Debug|Any CPU
		{3BDBA56C-AB1F-4B40-BCEC-CEDFBFB3D64E}.Ad-Hoc|x86.Build.0 = Debug|Any CPU
		{3BDBA56C-AB1F-4B40-BCEC-CEDFBFB3D64E}.AppStore|Any CPU.ActiveCfg = Debug|Any CPU
		{3BDBA56C-AB1F-4B40-BCEC-CEDFBFB3D64E}.AppStore|Any CPU.Build.0 = Debug|Any CPU
		{3BDBA56C-AB1F-4B40-BCEC-CEDFBFB3D64E}.AppStore|ARM.ActiveCfg = Debug|Any CPU
		{3BDBA56C-AB1F-4B40-BCEC-CEDFBFB3D64E}.AppStore|ARM.Build.0 = Debug|Any CPU
		{3BDBA56C-AB1F-4B40-BCEC-CEDFBFB3D64E}.AppStore|iPhone.ActiveCfg = Debug|Any CPU
		{3BDBA56C-AB1F-4B40-BCEC-CEDFBFB3D64E}.AppStore|iPhone.Build.0 = Debug|Any CPU
		{3BDBA56C-AB1F-4B40-BCEC-CEDFBFB3D64E}.AppStore|iPhoneSimulator.ActiveCfg = Debug|Any CPU
		{3BDBA56C-AB1F-4B40-BCEC-CEDFBFB3D64E}.AppStore|iPhoneSimulator.Build.0 = Debug|Any CPU
		{3BDBA56C-AB1F-4B40-BCEC-CEDFBFB3D64E}.AppStore|x64.ActiveCfg = Debug|Any CPU
		{3BDBA56C-AB1F-4B40-BCEC-CEDFBFB3D64E}.AppStore|x64.Build.0 = Debug|Any CPU
		{3BDBA56C-AB1F-4B40-BCEC-CEDFBFB3D64E}.AppStore|x86.ActiveCfg = Debug|Any CPU
		{3BDBA56C-AB1F-4B40-BCEC-CEDFBFB3D64E}.AppStore|x86.Build.0 = Debug|Any CPU
		{3BDBA56C-AB1F-4B40-BCEC-CEDFBFB3D64E}.Debug|Any CPU.ActiveCfg = Debug|Any CPU
		{3BDBA56C-AB1F-4B40-BCEC-CEDFBFB3D64E}.Debug|Any CPU.Build.0 = Debug|Any CPU
		{3BDBA56C-AB1F-4B40-BCEC-CEDFBFB3D64E}.Debug|ARM.ActiveCfg = Debug|Any CPU
		{3BDBA56C-AB1F-4B40-BCEC-CEDFBFB3D64E}.Debug|ARM.Build.0 = Debug|Any CPU
		{3BDBA56C-AB1F-4B40-BCEC-CEDFBFB3D64E}.Debug|iPhone.ActiveCfg = Debug|Any CPU
		{3BDBA56C-AB1F-4B40-BCEC-CEDFBFB3D64E}.Debug|iPhone.Build.0 = Debug|Any CPU
		{3BDBA56C-AB1F-4B40-BCEC-CEDFBFB3D64E}.Debug|iPhoneSimulator.ActiveCfg = Debug|Any CPU
		{3BDBA56C-AB1F-4B40-BCEC-CEDFBFB3D64E}.Debug|iPhoneSimulator.Build.0 = Debug|Any CPU
		{3BDBA56C-AB1F-4B40-BCEC-CEDFBFB3D64E}.Debug|x64.ActiveCfg = Debug|Any CPU
		{3BDBA56C-AB1F-4B40-BCEC-CEDFBFB3D64E}.Debug|x64.Build.0 = Debug|Any CPU
		{3BDBA56C-AB1F-4B40-BCEC-CEDFBFB3D64E}.Debug|x86.ActiveCfg = Debug|Any CPU
		{3BDBA56C-AB1F-4B40-BCEC-CEDFBFB3D64E}.Debug|x86.Build.0 = Debug|Any CPU
		{3BDBA56C-AB1F-4B40-BCEC-CEDFBFB3D64E}.Release|Any CPU.ActiveCfg = Release|Any CPU
		{3BDBA56C-AB1F-4B40-BCEC-CEDFBFB3D64E}.Release|Any CPU.Build.0 = Release|Any CPU
		{3BDBA56C-AB1F-4B40-BCEC-CEDFBFB3D64E}.Release|ARM.ActiveCfg = Release|Any CPU
		{3BDBA56C-AB1F-4B40-BCEC-CEDFBFB3D64E}.Release|ARM.Build.0 = Release|Any CPU
		{3BDBA56C-AB1F-4B40-BCEC-CEDFBFB3D64E}.Release|iPhone.ActiveCfg = Release|Any CPU
		{3BDBA56C-AB1F-4B40-BCEC-CEDFBFB3D64E}.Release|iPhone.Build.0 = Release|Any CPU
		{3BDBA56C-AB1F-4B40-BCEC-CEDFBFB3D64E}.Release|iPhoneSimulator.ActiveCfg = Release|Any CPU
		{3BDBA56C-AB1F-4B40-BCEC-CEDFBFB3D64E}.Release|iPhoneSimulator.Build.0 = Release|Any CPU
		{3BDBA56C-AB1F-4B40-BCEC-CEDFBFB3D64E}.Release|x64.ActiveCfg = Release|Any CPU
		{3BDBA56C-AB1F-4B40-BCEC-CEDFBFB3D64E}.Release|x64.Build.0 = Release|Any CPU
		{3BDBA56C-AB1F-4B40-BCEC-CEDFBFB3D64E}.Release|x86.ActiveCfg = Release|Any CPU
		{3BDBA56C-AB1F-4B40-BCEC-CEDFBFB3D64E}.Release|x86.Build.0 = Release|Any CPU
		{CF05E55A-B6B5-44DF-84F0-3ECB196C1050}.Ad-Hoc|Any CPU.ActiveCfg = Debug|Any CPU
		{CF05E55A-B6B5-44DF-84F0-3ECB196C1050}.Ad-Hoc|Any CPU.Build.0 = Debug|Any CPU
		{CF05E55A-B6B5-44DF-84F0-3ECB196C1050}.Ad-Hoc|ARM.ActiveCfg = Debug|Any CPU
		{CF05E55A-B6B5-44DF-84F0-3ECB196C1050}.Ad-Hoc|ARM.Build.0 = Debug|Any CPU
		{CF05E55A-B6B5-44DF-84F0-3ECB196C1050}.Ad-Hoc|iPhone.ActiveCfg = Debug|Any CPU
		{CF05E55A-B6B5-44DF-84F0-3ECB196C1050}.Ad-Hoc|iPhone.Build.0 = Debug|Any CPU
		{CF05E55A-B6B5-44DF-84F0-3ECB196C1050}.Ad-Hoc|iPhoneSimulator.ActiveCfg = Debug|Any CPU
		{CF05E55A-B6B5-44DF-84F0-3ECB196C1050}.Ad-Hoc|iPhoneSimulator.Build.0 = Debug|Any CPU
		{CF05E55A-B6B5-44DF-84F0-3ECB196C1050}.Ad-Hoc|x64.ActiveCfg = Debug|Any CPU
		{CF05E55A-B6B5-44DF-84F0-3ECB196C1050}.Ad-Hoc|x64.Build.0 = Debug|Any CPU
		{CF05E55A-B6B5-44DF-84F0-3ECB196C1050}.Ad-Hoc|x86.ActiveCfg = Debug|Any CPU
		{CF05E55A-B6B5-44DF-84F0-3ECB196C1050}.Ad-Hoc|x86.Build.0 = Debug|Any CPU
		{CF05E55A-B6B5-44DF-84F0-3ECB196C1050}.AppStore|Any CPU.ActiveCfg = Debug|Any CPU
		{CF05E55A-B6B5-44DF-84F0-3ECB196C1050}.AppStore|Any CPU.Build.0 = Debug|Any CPU
		{CF05E55A-B6B5-44DF-84F0-3ECB196C1050}.AppStore|ARM.ActiveCfg = Debug|Any CPU
		{CF05E55A-B6B5-44DF-84F0-3ECB196C1050}.AppStore|ARM.Build.0 = Debug|Any CPU
		{CF05E55A-B6B5-44DF-84F0-3ECB196C1050}.AppStore|iPhone.ActiveCfg = Debug|Any CPU
		{CF05E55A-B6B5-44DF-84F0-3ECB196C1050}.AppStore|iPhone.Build.0 = Debug|Any CPU
		{CF05E55A-B6B5-44DF-84F0-3ECB196C1050}.AppStore|iPhoneSimulator.ActiveCfg = Debug|Any CPU
		{CF05E55A-B6B5-44DF-84F0-3ECB196C1050}.AppStore|iPhoneSimulator.Build.0 = Debug|Any CPU
		{CF05E55A-B6B5-44DF-84F0-3ECB196C1050}.AppStore|x64.ActiveCfg = Debug|Any CPU
		{CF05E55A-B6B5-44DF-84F0-3ECB196C1050}.AppStore|x64.Build.0 = Debug|Any CPU
		{CF05E55A-B6B5-44DF-84F0-3ECB196C1050}.AppStore|x86.ActiveCfg = Debug|Any CPU
		{CF05E55A-B6B5-44DF-84F0-3ECB196C1050}.AppStore|x86.Build.0 = Debug|Any CPU
		{CF05E55A-B6B5-44DF-84F0-3ECB196C1050}.Debug|Any CPU.ActiveCfg = Debug|Any CPU
		{CF05E55A-B6B5-44DF-84F0-3ECB196C1050}.Debug|Any CPU.Build.0 = Debug|Any CPU
		{CF05E55A-B6B5-44DF-84F0-3ECB196C1050}.Debug|ARM.ActiveCfg = Debug|Any CPU
		{CF05E55A-B6B5-44DF-84F0-3ECB196C1050}.Debug|ARM.Build.0 = Debug|Any CPU
		{CF05E55A-B6B5-44DF-84F0-3ECB196C1050}.Debug|iPhone.ActiveCfg = Debug|Any CPU
		{CF05E55A-B6B5-44DF-84F0-3ECB196C1050}.Debug|iPhone.Build.0 = Debug|Any CPU
		{CF05E55A-B6B5-44DF-84F0-3ECB196C1050}.Debug|iPhoneSimulator.ActiveCfg = Debug|Any CPU
		{CF05E55A-B6B5-44DF-84F0-3ECB196C1050}.Debug|iPhoneSimulator.Build.0 = Debug|Any CPU
		{CF05E55A-B6B5-44DF-84F0-3ECB196C1050}.Debug|x64.ActiveCfg = Debug|Any CPU
		{CF05E55A-B6B5-44DF-84F0-3ECB196C1050}.Debug|x64.Build.0 = Debug|Any CPU
		{CF05E55A-B6B5-44DF-84F0-3ECB196C1050}.Debug|x86.ActiveCfg = Debug|Any CPU
		{CF05E55A-B6B5-44DF-84F0-3ECB196C1050}.Debug|x86.Build.0 = Debug|Any CPU
		{CF05E55A-B6B5-44DF-84F0-3ECB196C1050}.Release|Any CPU.ActiveCfg = Release|Any CPU
		{CF05E55A-B6B5-44DF-84F0-3ECB196C1050}.Release|Any CPU.Build.0 = Release|Any CPU
		{CF05E55A-B6B5-44DF-84F0-3ECB196C1050}.Release|ARM.ActiveCfg = Release|Any CPU
		{CF05E55A-B6B5-44DF-84F0-3ECB196C1050}.Release|ARM.Build.0 = Release|Any CPU
		{CF05E55A-B6B5-44DF-84F0-3ECB196C1050}.Release|iPhone.ActiveCfg = Release|Any CPU
		{CF05E55A-B6B5-44DF-84F0-3ECB196C1050}.Release|iPhone.Build.0 = Release|Any CPU
		{CF05E55A-B6B5-44DF-84F0-3ECB196C1050}.Release|iPhoneSimulator.ActiveCfg = Release|Any CPU
		{CF05E55A-B6B5-44DF-84F0-3ECB196C1050}.Release|iPhoneSimulator.Build.0 = Release|Any CPU
		{CF05E55A-B6B5-44DF-84F0-3ECB196C1050}.Release|x64.ActiveCfg = Release|Any CPU
		{CF05E55A-B6B5-44DF-84F0-3ECB196C1050}.Release|x64.Build.0 = Release|Any CPU
		{CF05E55A-B6B5-44DF-84F0-3ECB196C1050}.Release|x86.ActiveCfg = Release|Any CPU
		{CF05E55A-B6B5-44DF-84F0-3ECB196C1050}.Release|x86.Build.0 = Release|Any CPU
	EndGlobalSection
	GlobalSection(SolutionProperties) = preSolution
		HideSolutionNode = FALSE
	EndGlobalSection
	GlobalSection(NestedProjects) = preSolution
		{9F84EDE3-15B9-4AA6-873F-734341A99DF4} = {B18961A7-8010-4A35-AED3-9DDBA46567AF}
		{2D4C45EF-F02D-4F52-BCE9-5554AD91C710} = {B18961A7-8010-4A35-AED3-9DDBA46567AF}
		{05768C97-31DE-4BF1-B978-4BF08F6D3AB2} = {B18961A7-8010-4A35-AED3-9DDBA46567AF}
		{D38FBCEE-8207-48F1-8316-2EF1A73BA6BE} = {B18961A7-8010-4A35-AED3-9DDBA46567AF}
		{35E58ADD-1931-4E2F-B114-E4D693A6F57B} = {CC2ED8D6-E16B-4938-840D-8481A303787A}
		{3BDBA56C-AB1F-4B40-BCEC-CEDFBFB3D64E} = {CC2ED8D6-E16B-4938-840D-8481A303787A}
		{CF05E55A-B6B5-44DF-84F0-3ECB196C1050} = {7E0BC244-DCD2-4D42-946C-603F1F30F0C1}
	EndGlobalSection
	GlobalSection(ExtensibilityGlobals) = postSolution
		SolutionGuid = {96013AF1-39F5-486D-BB22-D58319C92153}
	EndGlobalSection
EndGlobal
